
Microsoft Visual Studio Solution File, Format Version 12.00
# Visual Studio Version 17
VisualStudioVersion = 17.14.36221.1
MinimumVisualStudioVersion = 10.0.40219.1
Project("{8BC9CEB8-8B4A-11D0-8D11-00A0C91BC942}") = "ConsoleApplication1", "ConsoleApplication1.vcxproj", "{B3B7B116-C3A7-4224-83F7-4D46AC29A596}"
EndProject
Project("{8BC9CEB8-8B4A-11D0-8D11-00A0C91BC942}") = "21Problem (method 1)", "..\21Problem\21Problem.vcxproj", "{ECFDF6CA-8438-43E1-B7B2-F3B480C0CD16}"
EndProject
Project("{2150E333-8FDC-42A3-9474-1A3956D46DE8}") = "21_Problem", "21_Problem", "{02EA681E-C7D8-13C7-8484-4AC65E1B71E8}"
EndProject
Project("{8BC9CEB8-8B4A-11D0-8D11-00A0C91BC942}") = "21Problem (method 2)", "..\21Problem (method 2)\21Problem (method 2).vcxproj", "{CF70B989-6293-4B74-9EA6-C0203BB2AEC3}"
EndProject
Project("{8BC9CEB8-8B4A-11D0-8D11-00A0C91BC942}") = "22Problem", "..\22Problem\22Problem.vcxproj", "{7A9A68CA-B2F3-4BD9-BDEB-5824E55BE4DF}"
EndProject
Project("{2150E333-8FDC-42A3-9474-1A3956D46DE8}") = "22_Problem", "22_Problem", "{C907540F-5267-4620-8744-B8E1C934B20E}"
EndProject
Project("{8BC9CEB8-8B4A-11D0-8D11-00A0C91BC942}") = "23Problem", "..\23Problem\23Problem.vcxproj", "{1119FD2B-0DF5-4DF4-B850-761138757D54}"
EndProject
Project("{2150E333-8FDC-42A3-9474-1A3956D46DE8}") = "23_Problem", "23_Problem", "{72455D95-25FB-4866-AC21-097D51954BA1}"
EndProject
Project("{8BC9CEB8-8B4A-11D0-8D11-00A0C91BC942}") = "24Problem", "..\24Problem\24Problem.vcxproj", "{6103FBE2-F9CE-45AA-A9E1-E4872F4BAFED}"
EndProject
Project("{2150E333-8FDC-42A3-9474-1A3956D46DE8}") = "24_Problem", "24_Problem", "{BEB49681-9AF7-412D-827E-6FAD9BDC4609}"
EndProject
Project("{8BC9CEB8-8B4A-11D0-8D11-00A0C91BC942}") = "25Problem", "..\25Problem\25Problem.vcxproj", "{9192B954-DC24-49D6-A2D1-E2E6BE1A6747}"
EndProject
Project("{2150E333-8FDC-42A3-9474-1A3956D46DE8}") = "25_Problem", "25_Problem", "{7A64E066-AF62-41A8-AE41-29C9E55CDC8E}"
EndProject
Project("{8BC9CEB8-8B4A-11D0-8D11-00A0C91BC942}") = "26Problem", "..\26Problem\26Problem.vcxproj", "{F03F590D-1409-4132-A0F9-E93A05648C2B}"
EndProject
Project("{2150E333-8FDC-42A3-9474-1A3956D46DE8}") = "26_Problem", "26_Problem", "{4D5FE96A-00CA-4069-A5E0-E463F406345F}"
EndProject
Project("{8BC9CEB8-8B4A-11D0-8D11-00A0C91BC942}") = "27Problem", "..\27Problem\27Problem.vcxproj", "{F9F6614C-D817-49FE-8968-775F71484479}"
EndProject
Project("{2150E333-8FDC-42A3-9474-1A3956D46DE8}") = "27_Problem", "27_Problem", "{901109A4-4DBF-4C51-880B-247C4F1AF08A}"
EndProject
Project("{8BC9CEB8-8B4A-11D0-8D11-00A0C91BC942}") = "28Problem", "..\28Problem\28Problem.vcxproj", "{76294540-0ABA-4827-A976-4853CF0AF928}"
EndProject
Project("{2150E333-8FDC-42A3-9474-1A3956D46DE8}") = "28_Problem", "28_Problem", "{10EF9E44-BE92-4720-86FC-4E318A95EEA9}"
EndProject
Project("{8BC9CEB8-8B4A-11D0-8D11-00A0C91BC942}") = "29Problem", "..\29Problem\29Problem.vcxproj", "{603F6FBC-78F2-4199-B93C-FF61F3165178}"
EndProject
Project("{2150E333-8FDC-42A3-9474-1A3956D46DE8}") = "29_Problem", "29_Problem", "{5D4A2216-FE1A-4D53-8834-AEDEC47998E4}"
EndProject
Project("{8BC9CEB8-8B4A-11D0-8D11-00A0C91BC942}") = "30Problem", "..\30Problem\30Problem.vcxproj", "{1E462AC3-17D0-41B2-9F16-7871321F6A8D}"
EndProject
Project("{2150E333-8FDC-42A3-9474-1A3956D46DE8}") = "30_Problem", "30_Problem", "{6110A104-90D8-4CD0-BEC3-4997FBCCC0AB}"
EndProject
Global
	GlobalSection(SolutionConfigurationPlatforms) = preSolution
		Debug|x64 = Debug|x64
		Debug|x86 = Debug|x86
		Release|x64 = Release|x64
		Release|x86 = Release|x86
	EndGlobalSection
	GlobalSection(ProjectConfigurationPlatforms) = postSolution
		{B3B7B116-C3A7-4224-83F7-4D46AC29A596}.Debug|x64.ActiveCfg = Debug|x64
		{B3B7B116-C3A7-4224-83F7-4D46AC29A596}.Debug|x64.Build.0 = Debug|x64
		{B3B7B116-C3A7-4224-83F7-4D46AC29A596}.Debug|x86.ActiveCfg = Debug|Win32
		{B3B7B116-C3A7-4224-83F7-4D46AC29A596}.Debug|x86.Build.0 = Debug|Win32
		{B3B7B116-C3A7-4224-83F7-4D46AC29A596}.Release|x64.ActiveCfg = Release|x64
		{B3B7B116-C3A7-4224-83F7-4D46AC29A596}.Release|x64.Build.0 = Release|x64
		{B3B7B116-C3A7-4224-83F7-4D46AC29A596}.Release|x86.ActiveCfg = Release|Win32
		{B3B7B116-C3A7-4224-83F7-4D46AC29A596}.Release|x86.Build.0 = Release|Win32
		{ECFDF6CA-8438-43E1-B7B2-F3B480C0CD16}.Debug|x64.ActiveCfg = Debug|x64
		{ECFDF6CA-8438-43E1-B7B2-F3B480C0CD16}.Debug|x64.Build.0 = Debug|x64
		{ECFDF6CA-8438-43E1-B7B2-F3B480C0CD16}.Debug|x86.ActiveCfg = Debug|Win32
		{ECFDF6CA-8438-43E1-B7B2-F3B480C0CD16}.Debug|x86.Build.0 = Debug|Win32
		{ECFDF6CA-8438-43E1-B7B2-F3B480C0CD16}.Release|x64.ActiveCfg = Release|x64
		{ECFDF6CA-8438-43E1-B7B2-F3B480C0CD16}.Release|x64.Build.0 = Release|x64
		{ECFDF6CA-8438-43E1-B7B2-F3B480C0CD16}.Release|x86.ActiveCfg = Release|Win32
		{ECFDF6CA-8438-43E1-B7B2-F3B480C0CD16}.Release|x86.Build.0 = Release|Win32
		{CF70B989-6293-4B74-9EA6-C0203BB2AEC3}.Debug|x64.ActiveCfg = Debug|x64
		{CF70B989-6293-4B74-9EA6-C0203BB2AEC3}.Debug|x64.Build.0 = Debug|x64
		{CF70B989-6293-4B74-9EA6-C0203BB2AEC3}.Debug|x86.ActiveCfg = Debug|Win32
		{CF70B989-6293-4B74-9EA6-C0203BB2AEC3}.Debug|x86.Build.0 = Debug|Win32
		{CF70B989-6293-4B74-9EA6-C0203BB2AEC3}.Release|x64.ActiveCfg = Release|x64
		{CF70B989-6293-4B74-9EA6-C0203BB2AEC3}.Release|x64.Build.0 = Release|x64
		{CF70B989-6293-4B74-9EA6-C0203BB2AEC3}.Release|x86.ActiveCfg = Release|Win32
		{CF70B989-6293-4B74-9EA6-C0203BB2AEC3}.Release|x86.Build.0 = Release|Win32
		{7A9A68CA-B2F3-4BD9-BDEB-5824E55BE4DF}.Debug|x64.ActiveCfg = Debug|x64
		{7A9A68CA-B2F3-4BD9-BDEB-5824E55BE4DF}.Debug|x64.Build.0 = Debug|x64
		{7A9A68CA-B2F3-4BD9-BDEB-5824E55BE4DF}.Debug|x86.ActiveCfg = Debug|Win32
		{7A9A68CA-B2F3-4BD9-BDEB-5824E55BE4DF}.Debug|x86.Build.0 = Debug|Win32
		{7A9A68CA-B2F3-4BD9-BDEB-5824E55BE4DF}.Release|x64.ActiveCfg = Release|x64
		{7A9A68CA-B2F3-4BD9-BDEB-5824E55BE4DF}.Release|x64.Build.0 = Release|x64
		{7A9A68CA-B2F3-4BD9-BDEB-5824E55BE4DF}.Release|x86.ActiveCfg = Release|Win32
		{7A9A68CA-B2F3-4BD9-BDEB-5824E55BE4DF}.Release|x86.Build.0 = Release|Win32
		{1119FD2B-0DF5-4DF4-B850-761138757D54}.Debug|x64.ActiveCfg = Debug|x64
		{1119FD2B-0DF5-4DF4-B850-761138757D54}.Debug|x64.Build.0 = Debug|x64
		{1119FD2B-0DF5-4DF4-B850-761138757D54}.Debug|x86.ActiveCfg = Debug|Win32
		{1119FD2B-0DF5-4DF4-B850-761138757D54}.Debug|x86.Build.0 = Debug|Win32
		{1119FD2B-0DF5-4DF4-B850-761138757D54}.Release|x64.ActiveCfg = Release|x64
		{1119FD2B-0DF5-4DF4-B850-761138757D54}.Release|x64.Build.0 = Release|x64
		{1119FD2B-0DF5-4DF4-B850-761138757D54}.Release|x86.ActiveCfg = Release|Win32
		{1119FD2B-0DF5-4DF4-B850-761138757D54}.Release|x86.Build.0 = Release|Win32
		{6103FBE2-F9CE-45AA-A9E1-E4872F4BAFED}.Debug|x64.ActiveCfg = Debug|x64
		{6103FBE2-F9CE-45AA-A9E1-E4872F4BAFED}.Debug|x64.Build.0 = Debug|x64
		{6103FBE2-F9CE-45AA-A9E1-E4872F4BAFED}.Debug|x86.ActiveCfg = Debug|Win32
		{6103FBE2-F9CE-45AA-A9E1-E4872F4BAFED}.Debug|x86.Build.0 = Debug|Win32
		{6103FBE2-F9CE-45AA-A9E1-E4872F4BAFED}.Release|x64.ActiveCfg = Release|x64
		{6103FBE2-F9CE-45AA-A9E1-E4872F4BAFED}.Release|x64.Build.0 = Release|x64
		{6103FBE2-F9CE-45AA-A9E1-E4872F4BAFED}.Release|x86.ActiveCfg = Release|Win32
		{6103FBE2-F9CE-45AA-A9E1-E4872F4BAFED}.Release|x86.Build.0 = Release|Win32
		{9192B954-DC24-49D6-A2D1-E2E6BE1A6747}.Debug|x64.ActiveCfg = Debug|x64
		{9192B954-DC24-49D6-A2D1-E2E6BE1A6747}.Debug|x64.Build.0 = Debug|x64
		{9192B954-DC24-49D6-A2D1-E2E6BE1A6747}.Debug|x86.ActiveCfg = Debug|Win32
		{9192B954-DC24-49D6-A2D1-E2E6BE1A6747}.Debug|x86.Build.0 = Debug|Win32
		{9192B954-DC24-49D6-A2D1-E2E6BE1A6747}.Release|x64.ActiveCfg = Release|x64
		{9192B954-DC24-49D6-A2D1-E2E6BE1A6747}.Release|x64.Build.0 = Release|x64
		{9192B954-DC24-49D6-A2D1-E2E6BE1A6747}.Release|x86.ActiveCfg = Release|Win32
		{9192B954-DC24-49D6-A2D1-E2E6BE1A6747}.Release|x86.Build.0 = Release|Win32
		{F03F590D-1409-4132-A0F9-E93A05648C2B}.Debug|x64.ActiveCfg = Debug|x64
		{F03F590D-1409-4132-A0F9-E93A05648C2B}.Debug|x64.Build.0 = Debug|x64
		{F03F590D-1409-4132-A0F9-E93A05648C2B}.Debug|x86.ActiveCfg = Debug|Win32
		{F03F590D-1409-4132-A0F9-E93A05648C2B}.Debug|x86.Build.0 = Debug|Win32
		{F03F590D-1409-4132-A0F9-E93A05648C2B}.Release|x64.ActiveCfg = Release|x64
		{F03F590D-1409-4132-A0F9-E93A05648C2B}.Release|x64.Build.0 = Release|x64
		{F03F590D-1409-4132-A0F9-E93A05648C2B}.Release|x86.ActiveCfg = Release|Win32
		{F03F590D-1409-4132-A0F9-E93A05648C2B}.Release|x86.Build.0 = Release|Win32
		{F9F6614C-D817-49FE-8968-775F71484479}.Debug|x64.ActiveCfg = Debug|x64
		{F9F6614C-D817-49FE-8968-775F71484479}.Debug|x64.Build.0 = Debug|x64
		{F9F6614C-D817-49FE-8968-775F71484479}.Debug|x86.ActiveCfg = Debug|Win32
		{F9F6614C-D817-49FE-8968-775F71484479}.Debug|x86.Build.0 = Debug|Win32
		{F9F6614C-D817-49FE-8968-775F71484479}.Release|x64.ActiveCfg = Release|x64
		{F9F6614C-D817-49FE-8968-775F71484479}.Release|x64.Build.0 = Release|x64
		{F9F6614C-D817-49FE-8968-775F71484479}.Release|x86.ActiveCfg = Release|Win32
		{F9F6614C-D817-49FE-8968-775F71484479}.Release|x86.Build.0 = Release|Win32
		{76294540-0ABA-4827-A976-4853CF0AF928}.Debug|x64.ActiveCfg = Debug|x64
		{76294540-0ABA-4827-A976-4853CF0AF928}.Debug|x64.Build.0 = Debug|x64
		{76294540-0ABA-4827-A976-4853CF0AF928}.Debug|x86.ActiveCfg = Debug|Win32
		{76294540-0ABA-4827-A976-4853CF0AF928}.Debug|x86.Build.0 = Debug|Win32
		{76294540-0ABA-4827-A976-4853CF0AF928}.Release|x64.ActiveCfg = Release|x64
		{76294540-0ABA-4827-A976-4853CF0AF928}.Release|x64.Build.0 = Release|x64
		{76294540-0ABA-4827-A976-4853CF0AF928}.Release|x86.ActiveCfg = Release|Win32
		{76294540-0ABA-4827-A976-4853CF0AF928}.Release|x86.Build.0 = Release|Win32
		{603F6FBC-78F2-4199-B93C-FF61F3165178}.Debug|x64.ActiveCfg = Debug|x64
		{603F6FBC-78F2-4199-B93C-FF61F3165178}.Debug|x64.Build.0 = Debug|x64
		{603F6FBC-78F2-4199-B93C-FF61F3165178}.Debug|x86.ActiveCfg = Debug|Win32
		{603F6FBC-78F2-4199-B93C-FF61F3165178}.Debug|x86.Build.0 = Debug|Win32
		{603F6FBC-78F2-4199-B93C-FF61F3165178}.Release|x64.ActiveCfg = Release|x64
		{603F6FBC-78F2-4199-B93C-FF61F3165178}.Release|x64.Build.0 = Release|x64
		{603F6FBC-78F2-4199-B93C-FF61F3165178}.Release|x86.ActiveCfg = Release|Win32
		{603F6FBC-78F2-4199-B93C-FF61F3165178}.Release|x86.Build.0 = Release|Win32
		{1E462AC3-17D0-41B2-9F16-7871321F6A8D}.Debug|x64.ActiveCfg = Debug|x64
		{1E462AC3-17D0-41B2-9F16-7871321F6A8D}.Debug|x64.Build.0 = Debug|x64
		{1E462AC3-17D0-41B2-9F16-7871321F6A8D}.Debug|x86.ActiveCfg = Debug|Win32
		{1E462AC3-17D0-41B2-9F16-7871321F6A8D}.Debug|x86.Build.0 = Debug|Win32
		{1E462AC3-17D0-41B2-9F16-7871321F6A8D}.Release|x64.ActiveCfg = Release|x64
		{1E462AC3-17D0-41B2-9F16-7871321F6A8D}.Release|x64.Build.0 = Release|x64
		{1E462AC3-17D0-41B2-9F16-7871321F6A8D}.Release|x86.ActiveCfg = Release|Win32
		{1E462AC3-17D0-41B2-9F16-7871321F6A8D}.Release|x86.Build.0 = Release|Win32
	EndGlobalSection
	GlobalSection(SolutionProperties) = preSolution
		HideSolutionNode = FALSE
	EndGlobalSection
	GlobalSection(NestedProjects) = preSolution
		{ECFDF6CA-8438-43E1-B7B2-F3B480C0CD16} = {02EA681E-C7D8-13C7-8484-4AC65E1B71E8}
		{CF70B989-6293-4B74-9EA6-C0203BB2AEC3} = {02EA681E-C7D8-13C7-8484-4AC65E1B71E8}
		{7A9A68CA-B2F3-4BD9-BDEB-5824E55BE4DF} = {C907540F-5267-4620-8744-B8E1C934B20E}
		{1119FD2B-0DF5-4DF4-B850-761138757D54} = {72455D95-25FB-4866-AC21-097D51954BA1}
		{6103FBE2-F9CE-45AA-A9E1-E4872F4BAFED} = {BEB49681-9AF7-412D-827E-6FAD9BDC4609}
		{9192B954-DC24-49D6-A2D1-E2E6BE1A6747} = {7A64E066-AF62-41A8-AE41-29C9E55CDC8E}
		{F03F590D-1409-4132-A0F9-E93A05648C2B} = {4D5FE96A-00CA-4069-A5E0-E463F406345F}
		{F9F6614C-D817-49FE-8968-775F71484479} = {901109A4-4DBF-4C51-880B-247C4F1AF08A}
		{76294540-0ABA-4827-A976-4853CF0AF928} = {10EF9E44-BE92-4720-86FC-4E318A95EEA9}
		{603F6FBC-78F2-4199-B93C-FF61F3165178} = {5D4A2216-FE1A-4D53-8834-AEDEC47998E4}
		{1E462AC3-17D0-41B2-9F16-7871321F6A8D} = {6110A104-90D8-4CD0-BEC3-4997FBCCC0AB}
	EndGlobalSection
	GlobalSection(ExtensibilityGlobals) = postSolution
		SolutionGuid = {F8AFD681-A1A7-479C-8AFA-972A3E1998BB}
	EndGlobalSection
EndGlobal
