
Microsoft Visual Studio Solution File, Format Version 12.00
# Visual Studio Version 17
VisualStudioVersion = 17.14.36221.1
MinimumVisualStudioVersion = 10.0.40219.1
Project("{8BC9CEB8-8B4A-11D0-8D11-00A0C91BC942}") = "ConsoleApplication1", "ConsoleApplication1.vcxproj", "{B3B7B116-C3A7-4224-83F7-4D46AC29A596}"
EndProject
Project("{8BC9CEB8-8B4A-11D0-8D11-00A0C91BC942}") = "21Problem (method 1)", "..\21Problem\21Problem.vcxproj", "{ECFDF6CA-8438-43E1-B7B2-F3B480C0CD16}"
EndProject
Project("{2150E333-8FDC-42A3-9474-1A3956D46DE8}") = "21_Problem", "21_Problem", "{02EA681E-C7D8-13C7-8484-4AC65E1B71E8}"
EndProject
Project("{8BC9CEB8-8B4A-11D0-8D11-00A0C91BC942}") = "21Problem (method 2)", "..\21Problem (method 2)\21Problem (method 2).vcxproj", "{CF70B989-6293-4B74-9EA6-C0203BB2AEC3}"
EndProject
Project("{8BC9CEB8-8B4A-11D0-8D11-00A0C91BC942}") = "22Problem", "..\22Problem\22Problem.vcxproj", "{7A9A68CA-B2F3-4BD9-BDEB-5824E55BE4DF}"
EndProject
Project("{2150E333-8FDC-42A3-9474-1A3956D46DE8}") = "22_Problem", "22_Problem", "{C907540F-5267-4620-8744-B8E1C934B20E}"
EndProject
Project("{8BC9CEB8-8B4A-11D0-8D11-00A0C91BC942}") = "23Problem", "..\23Problem\23Problem.vcxproj", "{1119FD2B-0DF5-4DF4-B850-761138757D54}"
EndProject
Project("{2150E333-8FDC-42A3-9474-1A3956D46DE8}") = "23_Problem", "23_Problem", "{72455D95-25FB-4866-AC21-097D51954BA1}"
EndProject
Project("{8BC9CEB8-8B4A-11D0-8D11-00A0C91BC942}") = "24Problem", "..\24Problem\24Problem.vcxproj", "{6103FBE2-F9CE-45AA-A9E1-E4872F4BAFED}"
EndProject
Project("{2150E333-8FDC-42A3-9474-1A3956D46DE8}") = "24_Problem", "24_Problem", "{BEB49681-9AF7-412D-827E-6FAD9BDC4609}"
EndProject
Project("{8BC9CEB8-8B4A-11D0-8D11-00A0C91BC942}") = "25Problem", "..\25Problem\25Problem.vcxproj", "{9192B954-DC24-49D6-A2D1-E2E6BE1A6747}"
EndProject
Project("{2150E333-8FDC-42A3-9474-1A3956D46DE8}") = "25_Problem", "25_Problem", "{7A64E066-AF62-41A8-AE41-29C9E55CDC8E}"
EndProject
Project("{8BC9CEB8-8B4A-11D0-8D11-00A0C91BC942}") = "26Problem", "..\26Problem\26Problem.vcxproj", "{F03F590D-1409-4132-A0F9-E93A05648C2B}"
EndProject
Project("{2150E333-8FDC-42A3-9474-1A3956D46DE8}") = "26_Problem", "26_Problem", "{4D5FE96A-00CA-4069-A5E0-E463F406345F}"
EndProject
Project("{8BC9CEB8-8B4A-11D0-8D11-00A0C91BC942}") = "27Problem", "..\27Problem\27Problem.vcxproj", "{F9F6614C-D817-49FE-8968-775F71484479}"
EndProject
Project("{2150E333-8FDC-42A3-9474-1A3956D46DE8}") = "27_Problem", "27_Problem", "{901109A4-4DBF-4C51-880B-247C4F1AF08A}"
EndProject
Project("{8BC9CEB8-8B4A-11D0-8D11-00A0C91BC942}") = "28Problem", "..\28Problem\28Problem.vcxproj", "{76294540-0ABA-4827-A976-4853CF0AF928}"
EndProject
Project("{2150E333-8FDC-42A3-9474-1A3956D46DE8}") = "28_Problem", "28_Problem", "{10EF9E44-BE92-4720-86FC-4E318A95EEA9}"
EndProject
Project("{8BC9CEB8-8B4A-11D0-8D11-00A0C91BC942}") = "29Problem", "..\29Problem\29Problem.vcxproj", "{603F6FBC-78F2-4199-B93C-FF61F3165178}"
EndProject
Project("{2150E333-8FDC-42A3-9474-1A3956D46DE8}") = "29_Problem", "29_Problem", "{5D4A2216-FE1A-4D53-8834-AEDEC47998E4}"
EndProject
Project("{8BC9CEB8-8B4A-11D0-8D11-00A0C91BC942}") = "30Problem", "..\30Problem\30Problem.vcxproj", "{1E462AC3-17D0-41B2-9F16-7871321F6A8D}"
EndProject
Project("{2150E333-8FDC-42A3-9474-1A3956D46DE8}") = "30_Problem", "30_Problem", "{6110A104-90D8-4CD0-BEC3-4997FBCCC0AB}"
EndProject
Project("{2150E333-8FDC-42A3-9474-1A3956D46DE8}") = "31_Problem", "31_Problem", "{53DC9FC8-7F21-48F4-97E0-5F8A8331FE08}"
EndProject
Project("{8BC9CEB8-8B4A-11D0-8D11-00A0C91BC942}") = "31Problemm (method 1)", "..\31Problemm\31Problemm.vcxproj", "{E1F5009D-0994-483F-9E7E-3BCFF1EF12C4}"
EndProject
Project("{8BC9CEB8-8B4A-11D0-8D11-00A0C91BC942}") = "31Problemm (method 2)", "..\31Problemm (method 2)\31Problemm (method 2).vcxproj", "{1788F454-E3AF-4FB4-BE6C-25AAAD0C9D11}"
EndProject
Project("{8BC9CEB8-8B4A-11D0-8D11-00A0C91BC942}") = "32Problem", "..\32Problem\32Problem.vcxproj", "{204D9EB5-C287-466D-AE13-51DB4AB50E84}"
EndProject
Project("{2150E333-8FDC-42A3-9474-1A3956D46DE8}") = "32_Problem", "32_Problem", "{522F4485-F148-433E-95F2-CC4557074076}"
EndProject
Project("{8BC9CEB8-8B4A-11D0-8D11-00A0C91BC942}") = "33Problem", "..\33Problem\33Problem.vcxproj", "{B8F41B53-BF2D-4727-8B4D-29F4AD6CF42B}"
EndProject
Project("{2150E333-8FDC-42A3-9474-1A3956D46DE8}") = "33_Problem", "33_Problem", "{194033C7-629D-4E1B-91D0-EE9DFCB57D37}"
EndProject
Project("{8BC9CEB8-8B4A-11D0-8D11-00A0C91BC942}") = "34Problem", "..\34Problem\34Problem.vcxproj", "{C2CDFFCC-BE8C-4DF0-ACEE-8AB1B9DA1594}"
EndProject
Project("{2150E333-8FDC-42A3-9474-1A3956D46DE8}") = "34_Problem", "34_Problem", "{02F29A44-9A9F-4E90-8493-09E866A4EC8F}"
EndProject
Project("{8BC9CEB8-8B4A-11D0-8D11-00A0C91BC942}") = "35Problem", "..\35Problem\35Problem.vcxproj", "{208FB306-6C77-48DE-B50C-84AB108395D3}"
EndProject
Project("{2150E333-8FDC-42A3-9474-1A3956D46DE8}") = "35_Problem", "35_Problem", "{E6DB0B2D-FE1E-4895-8934-17CD9E13BEE7}"
EndProject
Project("{8BC9CEB8-8B4A-11D0-8D11-00A0C91BC942}") = "36Problem", "..\36Problem\36Problem.vcxproj", "{86FEED6E-9567-45B9-95D7-74D0DC3209DF}"
EndProject
Project("{2150E333-8FDC-42A3-9474-1A3956D46DE8}") = "36_Problem", "36_Problem", "{AF75AF61-083D-4B27-B6F3-A7603E933FAD}"
EndProject
Project("{8BC9CEB8-8B4A-11D0-8D11-00A0C91BC942}") = "37Problem", "..\37Problem\37Problem.vcxproj", "{410D7680-00AC-4A36-B1E3-3B91DA6B46FA}"
EndProject
Project("{2150E333-8FDC-42A3-9474-1A3956D46DE8}") = "37_Problem", "37_Problem", "{610C2FC8-5F26-4BE1-B0A6-E8AEF082CCD1}"
EndProject
Project("{8BC9CEB8-8B4A-11D0-8D11-00A0C91BC942}") = "38Problem", "..\38Problem\38Problem.vcxproj", "{1AC202B7-5C33-4986-A684-0B807BB3F2DD}"
EndProject
Project("{2150E333-8FDC-42A3-9474-1A3956D46DE8}") = "38_Problem", "38_Problem", "{CC018767-C5DF-475F-BDFD-548D2624428A}"
EndProject
Project("{8BC9CEB8-8B4A-11D0-8D11-00A0C91BC942}") = "39Problem", "..\39Problem\39Problem.vcxproj", "{B5B0BDA8-5589-400C-88E5-1F8FCDA9A4AD}"
EndProject
Project("{2150E333-8FDC-42A3-9474-1A3956D46DE8}") = "39_Problem", "39_Problem", "{B5E24316-4D95-4CB4-8186-29398CACF199}"
EndProject
Project("{8BC9CEB8-8B4A-11D0-8D11-00A0C91BC942}") = "40Problem", "..\40Problem\40Problem.vcxproj", "{03469063-FBF0-4651-AFEB-D734A0DC6B93}"
EndProject
Project("{2150E333-8FDC-42A3-9474-1A3956D46DE8}") = "40_Problem", "40_Problem", "{8D1D0B1E-162D-4886-9DB9-1DC1799AF404}"
EndProject
Project("{8BC9CEB8-8B4A-11D0-8D11-00A0C91BC942}") = "41Problem", "..\41Problem\41Problem.vcxproj", "{8BA90934-7846-4F0D-A06A-626DADE756F1}"
EndProject
Project("{2150E333-8FDC-42A3-9474-1A3956D46DE8}") = "41_Problem", "41_Problem", "{5084C788-F17E-475F-98E1-7B938F3CE1C5}"
EndProject
Project("{8BC9CEB8-8B4A-11D0-8D11-00A0C91BC942}") = "42Problem", "..\42Problem\42Problem.vcxproj", "{E44D48D3-FB4B-49E7-8DB7-892BECABD586}"
EndProject
Project("{2150E333-8FDC-42A3-9474-1A3956D46DE8}") = "42_Problem", "42_Problem", "{0A570F70-082E-469D-BD0E-805CA2E90747}"
EndProject
Project("{8BC9CEB8-8B4A-11D0-8D11-00A0C91BC942}") = "43Problem", "..\43Problem\43Problem.vcxproj", "{35343D04-D9DE-4BC3-8EBE-79CA021A7F89}"
EndProject
Project("{2150E333-8FDC-42A3-9474-1A3956D46DE8}") = "43_Problem", "43_Problem", "{82C8F1D5-D37A-4A97-83FB-DF9EA8C021C2}"
EndProject
Project("{8BC9CEB8-8B4A-11D0-8D11-00A0C91BC942}") = "44Problem", "..\44Problem\44Problem.vcxproj", "{07C47226-9D94-4A7D-8168-DE80BB0E20C3}"
EndProject
Project("{2150E333-8FDC-42A3-9474-1A3956D46DE8}") = "44_Problem", "44_Problem", "{80524B08-BCB4-4D98-A035-B3B40247D764}"
EndProject
Project("{8BC9CEB8-8B4A-11D0-8D11-00A0C91BC942}") = "45Problem", "..\45Problem\45Problem.vcxproj", "{AB854A56-703F-40FB-87A4-E11D2EAD517E}"
EndProject
Project("{2150E333-8FDC-42A3-9474-1A3956D46DE8}") = "45_Problem", "45_Problem", "{28C76A63-0757-42E7-9FB1-A58CF001DAAC}"
EndProject
Project("{8BC9CEB8-8B4A-11D0-8D11-00A0C91BC942}") = "46Problem", "..\46Problem\46Problem.vcxproj", "{1F98CB4D-7106-43B2-A4EB-6E5DC31548EA}"
EndProject
Project("{2150E333-8FDC-42A3-9474-1A3956D46DE8}") = "46_Problem", "46_Problem", "{E146B586-60A6-4826-8926-3A1FD7C4DD87}"
EndProject
Project("{8BC9CEB8-8B4A-11D0-8D11-00A0C91BC942}") = "47Problem", "..\47Problem\47Problem.vcxproj", "{77828558-70BB-475F-B280-CAA8BD1D89E7}"
EndProject
Project("{2150E333-8FDC-42A3-9474-1A3956D46DE8}") = "47_Problem", "47_Problem", "{ABFC2002-D8C0-4AC1-B25D-51AFDE090A37}"
EndProject
Project("{8BC9CEB8-8B4A-11D0-8D11-00A0C91BC942}") = "48Problem", "..\48Problem\48Problem.vcxproj", "{B8B19F3E-3D63-4D1D-AAED-B0E847C4255F}"
EndProject
Project("{2150E333-8FDC-42A3-9474-1A3956D46DE8}") = "48_Problem", "48_Problem", "{38B53BC6-3FEB-4A59-B015-CD7CC9AE0F39}"
EndProject
Project("{8BC9CEB8-8B4A-11D0-8D11-00A0C91BC942}") = "49Problem", "..\49Problem\49Problem.vcxproj", "{8FAAE876-B694-4143-B41F-16A5815046FA}"
EndProject
Project("{2150E333-8FDC-42A3-9474-1A3956D46DE8}") = "49_Problem", "49_Problem", "{C97E25B3-31C6-49D4-92DD-6FF946F263A8}"
EndProject
Project("{8BC9CEB8-8B4A-11D0-8D11-00A0C91BC942}") = "50Problem", "..\50Problem\50Problem.vcxproj", "{4B8275DB-1BD5-44B2-B1A2-720DDD491B4A}"
EndProject
Project("{2150E333-8FDC-42A3-9474-1A3956D46DE8}") = "50_Problem", "50_Problem", "{43DFF027-CDDC-4FB6-A4F1-F5D2BCA73B54}"
EndProject
Global
	GlobalSection(SolutionConfigurationPlatforms) = preSolution
		Debug|x64 = Debug|x64
		Debug|x86 = Debug|x86
		Release|x64 = Release|x64
		Release|x86 = Release|x86
	EndGlobalSection
	GlobalSection(ProjectConfigurationPlatforms) = postSolution
		{B3B7B116-C3A7-4224-83F7-4D46AC29A596}.Debug|x64.ActiveCfg = Debug|x64
		{B3B7B116-C3A7-4224-83F7-4D46AC29A596}.Debug|x64.Build.0 = Debug|x64
		{B3B7B116-C3A7-4224-83F7-4D46AC29A596}.Debug|x86.ActiveCfg = Debug|Win32
		{B3B7B116-C3A7-4224-83F7-4D46AC29A596}.Debug|x86.Build.0 = Debug|Win32
		{B3B7B116-C3A7-4224-83F7-4D46AC29A596}.Release|x64.ActiveCfg = Release|x64
		{B3B7B116-C3A7-4224-83F7-4D46AC29A596}.Release|x64.Build.0 = Release|x64
		{B3B7B116-C3A7-4224-83F7-4D46AC29A596}.Release|x86.ActiveCfg = Release|Win32
		{B3B7B116-C3A7-4224-83F7-4D46AC29A596}.Release|x86.Build.0 = Release|Win32
		{ECFDF6CA-8438-43E1-B7B2-F3B480C0CD16}.Debug|x64.ActiveCfg = Debug|x64
		{ECFDF6CA-8438-43E1-B7B2-F3B480C0CD16}.Debug|x64.Build.0 = Debug|x64
		{ECFDF6CA-8438-43E1-B7B2-F3B480C0CD16}.Debug|x86.ActiveCfg = Debug|Win32
		{ECFDF6CA-8438-43E1-B7B2-F3B480C0CD16}.Debug|x86.Build.0 = Debug|Win32
		{ECFDF6CA-8438-43E1-B7B2-F3B480C0CD16}.Release|x64.ActiveCfg = Release|x64
		{ECFDF6CA-8438-43E1-B7B2-F3B480C0CD16}.Release|x64.Build.0 = Release|x64
		{ECFDF6CA-8438-43E1-B7B2-F3B480C0CD16}.Release|x86.ActiveCfg = Release|Win32
		{ECFDF6CA-8438-43E1-B7B2-F3B480C0CD16}.Release|x86.Build.0 = Release|Win32
		{CF70B989-6293-4B74-9EA6-C0203BB2AEC3}.Debug|x64.ActiveCfg = Debug|x64
		{CF70B989-6293-4B74-9EA6-C0203BB2AEC3}.Debug|x64.Build.0 = Debug|x64
		{CF70B989-6293-4B74-9EA6-C0203BB2AEC3}.Debug|x86.ActiveCfg = Debug|Win32
		{CF70B989-6293-4B74-9EA6-C0203BB2AEC3}.Debug|x86.Build.0 = Debug|Win32
		{CF70B989-6293-4B74-9EA6-C0203BB2AEC3}.Release|x64.ActiveCfg = Release|x64
		{CF70B989-6293-4B74-9EA6-C0203BB2AEC3}.Release|x64.Build.0 = Release|x64
		{CF70B989-6293-4B74-9EA6-C0203BB2AEC3}.Release|x86.ActiveCfg = Release|Win32
		{CF70B989-6293-4B74-9EA6-C0203BB2AEC3}.Release|x86.Build.0 = Release|Win32
		{7A9A68CA-B2F3-4BD9-BDEB-5824E55BE4DF}.Debug|x64.ActiveCfg = Debug|x64
		{7A9A68CA-B2F3-4BD9-BDEB-5824E55BE4DF}.Debug|x64.Build.0 = Debug|x64
		{7A9A68CA-B2F3-4BD9-BDEB-5824E55BE4DF}.Debug|x86.ActiveCfg = Debug|Win32
		{7A9A68CA-B2F3-4BD9-BDEB-5824E55BE4DF}.Debug|x86.Build.0 = Debug|Win32
		{7A9A68CA-B2F3-4BD9-BDEB-5824E55BE4DF}.Release|x64.ActiveCfg = Release|x64
		{7A9A68CA-B2F3-4BD9-BDEB-5824E55BE4DF}.Release|x64.Build.0 = Release|x64
		{7A9A68CA-B2F3-4BD9-BDEB-5824E55BE4DF}.Release|x86.ActiveCfg = Release|Win32
		{7A9A68CA-B2F3-4BD9-BDEB-5824E55BE4DF}.Release|x86.Build.0 = Release|Win32
		{1119FD2B-0DF5-4DF4-B850-761138757D54}.Debug|x64.ActiveCfg = Debug|x64
		{1119FD2B-0DF5-4DF4-B850-761138757D54}.Debug|x64.Build.0 = Debug|x64
		{1119FD2B-0DF5-4DF4-B850-761138757D54}.Debug|x86.ActiveCfg = Debug|Win32
		{1119FD2B-0DF5-4DF4-B850-761138757D54}.Debug|x86.Build.0 = Debug|Win32
		{1119FD2B-0DF5-4DF4-B850-761138757D54}.Release|x64.ActiveCfg = Release|x64
		{1119FD2B-0DF5-4DF4-B850-761138757D54}.Release|x64.Build.0 = Release|x64
		{1119FD2B-0DF5-4DF4-B850-761138757D54}.Release|x86.ActiveCfg = Release|Win32
		{1119FD2B-0DF5-4DF4-B850-761138757D54}.Release|x86.Build.0 = Release|Win32
		{6103FBE2-F9CE-45AA-A9E1-E4872F4BAFED}.Debug|x64.ActiveCfg = Debug|x64
		{6103FBE2-F9CE-45AA-A9E1-E4872F4BAFED}.Debug|x64.Build.0 = Debug|x64
		{6103FBE2-F9CE-45AA-A9E1-E4872F4BAFED}.Debug|x86.ActiveCfg = Debug|Win32
		{6103FBE2-F9CE-45AA-A9E1-E4872F4BAFED}.Debug|x86.Build.0 = Debug|Win32
		{6103FBE2-F9CE-45AA-A9E1-E4872F4BAFED}.Release|x64.ActiveCfg = Release|x64
		{6103FBE2-F9CE-45AA-A9E1-E4872F4BAFED}.Release|x64.Build.0 = Release|x64
		{6103FBE2-F9CE-45AA-A9E1-E4872F4BAFED}.Release|x86.ActiveCfg = Release|Win32
		{6103FBE2-F9CE-45AA-A9E1-E4872F4BAFED}.Release|x86.Build.0 = Release|Win32
		{9192B954-DC24-49D6-A2D1-E2E6BE1A6747}.Debug|x64.ActiveCfg = Debug|x64
		{9192B954-DC24-49D6-A2D1-E2E6BE1A6747}.Debug|x64.Build.0 = Debug|x64
		{9192B954-DC24-49D6-A2D1-E2E6BE1A6747}.Debug|x86.ActiveCfg = Debug|Win32
		{9192B954-DC24-49D6-A2D1-E2E6BE1A6747}.Debug|x86.Build.0 = Debug|Win32
		{9192B954-DC24-49D6-A2D1-E2E6BE1A6747}.Release|x64.ActiveCfg = Release|x64
		{9192B954-DC24-49D6-A2D1-E2E6BE1A6747}.Release|x64.Build.0 = Release|x64
		{9192B954-DC24-49D6-A2D1-E2E6BE1A6747}.Release|x86.ActiveCfg = Release|Win32
		{9192B954-DC24-49D6-A2D1-E2E6BE1A6747}.Release|x86.Build.0 = Release|Win32
		{F03F590D-1409-4132-A0F9-E93A05648C2B}.Debug|x64.ActiveCfg = Debug|x64
		{F03F590D-1409-4132-A0F9-E93A05648C2B}.Debug|x64.Build.0 = Debug|x64
		{F03F590D-1409-4132-A0F9-E93A05648C2B}.Debug|x86.ActiveCfg = Debug|Win32
		{F03F590D-1409-4132-A0F9-E93A05648C2B}.Debug|x86.Build.0 = Debug|Win32
		{F03F590D-1409-4132-A0F9-E93A05648C2B}.Release|x64.ActiveCfg = Release|x64
		{F03F590D-1409-4132-A0F9-E93A05648C2B}.Release|x64.Build.0 = Release|x64
		{F03F590D-1409-4132-A0F9-E93A05648C2B}.Release|x86.ActiveCfg = Release|Win32
		{F03F590D-1409-4132-A0F9-E93A05648C2B}.Release|x86.Build.0 = Release|Win32
		{F9F6614C-D817-49FE-8968-775F71484479}.Debug|x64.ActiveCfg = Debug|x64
		{F9F6614C-D817-49FE-8968-775F71484479}.Debug|x64.Build.0 = Debug|x64
		{F9F6614C-D817-49FE-8968-775F71484479}.Debug|x86.ActiveCfg = Debug|Win32
		{F9F6614C-D817-49FE-8968-775F71484479}.Debug|x86.Build.0 = Debug|Win32
		{F9F6614C-D817-49FE-8968-775F71484479}.Release|x64.ActiveCfg = Release|x64
		{F9F6614C-D817-49FE-8968-775F71484479}.Release|x64.Build.0 = Release|x64
		{F9F6614C-D817-49FE-8968-775F71484479}.Release|x86.ActiveCfg = Release|Win32
		{F9F6614C-D817-49FE-8968-775F71484479}.Release|x86.Build.0 = Release|Win32
		{76294540-0ABA-4827-A976-4853CF0AF928}.Debug|x64.ActiveCfg = Debug|x64
		{76294540-0ABA-4827-A976-4853CF0AF928}.Debug|x64.Build.0 = Debug|x64
		{76294540-0ABA-4827-A976-4853CF0AF928}.Debug|x86.ActiveCfg = Debug|Win32
		{76294540-0ABA-4827-A976-4853CF0AF928}.Debug|x86.Build.0 = Debug|Win32
		{76294540-0ABA-4827-A976-4853CF0AF928}.Release|x64.ActiveCfg = Release|x64
		{76294540-0ABA-4827-A976-4853CF0AF928}.Release|x64.Build.0 = Release|x64
		{76294540-0ABA-4827-A976-4853CF0AF928}.Release|x86.ActiveCfg = Release|Win32
		{76294540-0ABA-4827-A976-4853CF0AF928}.Release|x86.Build.0 = Release|Win32
		{603F6FBC-78F2-4199-B93C-FF61F3165178}.Debug|x64.ActiveCfg = Debug|x64
		{603F6FBC-78F2-4199-B93C-FF61F3165178}.Debug|x64.Build.0 = Debug|x64
		{603F6FBC-78F2-4199-B93C-FF61F3165178}.Debug|x86.ActiveCfg = Debug|Win32
		{603F6FBC-78F2-4199-B93C-FF61F3165178}.Debug|x86.Build.0 = Debug|Win32
		{603F6FBC-78F2-4199-B93C-FF61F3165178}.Release|x64.ActiveCfg = Release|x64
		{603F6FBC-78F2-4199-B93C-FF61F3165178}.Release|x64.Build.0 = Release|x64
		{603F6FBC-78F2-4199-B93C-FF61F3165178}.Release|x86.ActiveCfg = Release|Win32
		{603F6FBC-78F2-4199-B93C-FF61F3165178}.Release|x86.Build.0 = Release|Win32
		{1E462AC3-17D0-41B2-9F16-7871321F6A8D}.Debug|x64.ActiveCfg = Debug|x64
		{1E462AC3-17D0-41B2-9F16-7871321F6A8D}.Debug|x64.Build.0 = Debug|x64
		{1E462AC3-17D0-41B2-9F16-7871321F6A8D}.Debug|x86.ActiveCfg = Debug|Win32
		{1E462AC3-17D0-41B2-9F16-7871321F6A8D}.Debug|x86.Build.0 = Debug|Win32
		{1E462AC3-17D0-41B2-9F16-7871321F6A8D}.Release|x64.ActiveCfg = Release|x64
		{1E462AC3-17D0-41B2-9F16-7871321F6A8D}.Release|x64.Build.0 = Release|x64
		{1E462AC3-17D0-41B2-9F16-7871321F6A8D}.Release|x86.ActiveCfg = Release|Win32
		{1E462AC3-17D0-41B2-9F16-7871321F6A8D}.Release|x86.Build.0 = Release|Win32
		{E1F5009D-0994-483F-9E7E-3BCFF1EF12C4}.Debug|x64.ActiveCfg = Debug|x64
		{E1F5009D-0994-483F-9E7E-3BCFF1EF12C4}.Debug|x64.Build.0 = Debug|x64
		{E1F5009D-0994-483F-9E7E-3BCFF1EF12C4}.Debug|x86.ActiveCfg = Debug|Win32
		{E1F5009D-0994-483F-9E7E-3BCFF1EF12C4}.Debug|x86.Build.0 = Debug|Win32
		{E1F5009D-0994-483F-9E7E-3BCFF1EF12C4}.Release|x64.ActiveCfg = Release|x64
		{E1F5009D-0994-483F-9E7E-3BCFF1EF12C4}.Release|x64.Build.0 = Release|x64
		{E1F5009D-0994-483F-9E7E-3BCFF1EF12C4}.Release|x86.ActiveCfg = Release|Win32
		{E1F5009D-0994-483F-9E7E-3BCFF1EF12C4}.Release|x86.Build.0 = Release|Win32
		{1788F454-E3AF-4FB4-BE6C-25AAAD0C9D11}.Debug|x64.ActiveCfg = Debug|x64
		{1788F454-E3AF-4FB4-BE6C-25AAAD0C9D11}.Debug|x64.Build.0 = Debug|x64
		{1788F454-E3AF-4FB4-BE6C-25AAAD0C9D11}.Debug|x86.ActiveCfg = Debug|Win32
		{1788F454-E3AF-4FB4-BE6C-25AAAD0C9D11}.Debug|x86.Build.0 = Debug|Win32
		{1788F454-E3AF-4FB4-BE6C-25AAAD0C9D11}.Release|x64.ActiveCfg = Release|x64
		{1788F454-E3AF-4FB4-BE6C-25AAAD0C9D11}.Release|x64.Build.0 = Release|x64
		{1788F454-E3AF-4FB4-BE6C-25AAAD0C9D11}.Release|x86.ActiveCfg = Release|Win32
		{1788F454-E3AF-4FB4-BE6C-25AAAD0C9D11}.Release|x86.Build.0 = Release|Win32
		{204D9EB5-C287-466D-AE13-51DB4AB50E84}.Debug|x64.ActiveCfg = Debug|x64
		{204D9EB5-C287-466D-AE13-51DB4AB50E84}.Debug|x64.Build.0 = Debug|x64
		{204D9EB5-C287-466D-AE13-51DB4AB50E84}.Debug|x86.ActiveCfg = Debug|Win32
		{204D9EB5-C287-466D-AE13-51DB4AB50E84}.Debug|x86.Build.0 = Debug|Win32
		{204D9EB5-C287-466D-AE13-51DB4AB50E84}.Release|x64.ActiveCfg = Release|x64
		{204D9EB5-C287-466D-AE13-51DB4AB50E84}.Release|x64.Build.0 = Release|x64
		{204D9EB5-C287-466D-AE13-51DB4AB50E84}.Release|x86.ActiveCfg = Release|Win32
		{204D9EB5-C287-466D-AE13-51DB4AB50E84}.Release|x86.Build.0 = Release|Win32
		{B8F41B53-BF2D-4727-8B4D-29F4AD6CF42B}.Debug|x64.ActiveCfg = Debug|x64
		{B8F41B53-BF2D-4727-8B4D-29F4AD6CF42B}.Debug|x64.Build.0 = Debug|x64
		{B8F41B53-BF2D-4727-8B4D-29F4AD6CF42B}.Debug|x86.ActiveCfg = Debug|Win32
		{B8F41B53-BF2D-4727-8B4D-29F4AD6CF42B}.Debug|x86.Build.0 = Debug|Win32
		{B8F41B53-BF2D-4727-8B4D-29F4AD6CF42B}.Release|x64.ActiveCfg = Release|x64
		{B8F41B53-BF2D-4727-8B4D-29F4AD6CF42B}.Release|x64.Build.0 = Release|x64
		{B8F41B53-BF2D-4727-8B4D-29F4AD6CF42B}.Release|x86.ActiveCfg = Release|Win32
		{B8F41B53-BF2D-4727-8B4D-29F4AD6CF42B}.Release|x86.Build.0 = Release|Win32
		{C2CDFFCC-BE8C-4DF0-ACEE-8AB1B9DA1594}.Debug|x64.ActiveCfg = Debug|x64
		{C2CDFFCC-BE8C-4DF0-ACEE-8AB1B9DA1594}.Debug|x64.Build.0 = Debug|x64
		{C2CDFFCC-BE8C-4DF0-ACEE-8AB1B9DA1594}.Debug|x86.ActiveCfg = Debug|Win32
		{C2CDFFCC-BE8C-4DF0-ACEE-8AB1B9DA1594}.Debug|x86.Build.0 = Debug|Win32
		{C2CDFFCC-BE8C-4DF0-ACEE-8AB1B9DA1594}.Release|x64.ActiveCfg = Release|x64
		{C2CDFFCC-BE8C-4DF0-ACEE-8AB1B9DA1594}.Release|x64.Build.0 = Release|x64
		{C2CDFFCC-BE8C-4DF0-ACEE-8AB1B9DA1594}.Release|x86.ActiveCfg = Release|Win32
		{C2CDFFCC-BE8C-4DF0-ACEE-8AB1B9DA1594}.Release|x86.Build.0 = Release|Win32
		{208FB306-6C77-48DE-B50C-84AB108395D3}.Debug|x64.ActiveCfg = Debug|x64
		{208FB306-6C77-48DE-B50C-84AB108395D3}.Debug|x64.Build.0 = Debug|x64
		{208FB306-6C77-48DE-B50C-84AB108395D3}.Debug|x86.ActiveCfg = Debug|Win32
		{208FB306-6C77-48DE-B50C-84AB108395D3}.Debug|x86.Build.0 = Debug|Win32
		{208FB306-6C77-48DE-B50C-84AB108395D3}.Release|x64.ActiveCfg = Release|x64
		{208FB306-6C77-48DE-B50C-84AB108395D3}.Release|x64.Build.0 = Release|x64
		{208FB306-6C77-48DE-B50C-84AB108395D3}.Release|x86.ActiveCfg = Release|Win32
		{208FB306-6C77-48DE-B50C-84AB108395D3}.Release|x86.Build.0 = Release|Win32
		{86FEED6E-9567-45B9-95D7-74D0DC3209DF}.Debug|x64.ActiveCfg = Debug|x64
		{86FEED6E-9567-45B9-95D7-74D0DC3209DF}.Debug|x64.Build.0 = Debug|x64
		{86FEED6E-9567-45B9-95D7-74D0DC3209DF}.Debug|x86.ActiveCfg = Debug|Win32
		{86FEED6E-9567-45B9-95D7-74D0DC3209DF}.Debug|x86.Build.0 = Debug|Win32
		{86FEED6E-9567-45B9-95D7-74D0DC3209DF}.Release|x64.ActiveCfg = Release|x64
		{86FEED6E-9567-45B9-95D7-74D0DC3209DF}.Release|x64.Build.0 = Release|x64
		{86FEED6E-9567-45B9-95D7-74D0DC3209DF}.Release|x86.ActiveCfg = Release|Win32
		{86FEED6E-9567-45B9-95D7-74D0DC3209DF}.Release|x86.Build.0 = Release|Win32
		{410D7680-00AC-4A36-B1E3-3B91DA6B46FA}.Debug|x64.ActiveCfg = Debug|x64
		{410D7680-00AC-4A36-B1E3-3B91DA6B46FA}.Debug|x64.Build.0 = Debug|x64
		{410D7680-00AC-4A36-B1E3-3B91DA6B46FA}.Debug|x86.ActiveCfg = Debug|Win32
		{410D7680-00AC-4A36-B1E3-3B91DA6B46FA}.Debug|x86.Build.0 = Debug|Win32
		{410D7680-00AC-4A36-B1E3-3B91DA6B46FA}.Release|x64.ActiveCfg = Release|x64
		{410D7680-00AC-4A36-B1E3-3B91DA6B46FA}.Release|x64.Build.0 = Release|x64
		{410D7680-00AC-4A36-B1E3-3B91DA6B46FA}.Release|x86.ActiveCfg = Release|Win32
		{410D7680-00AC-4A36-B1E3-3B91DA6B46FA}.Release|x86.Build.0 = Release|Win32
		{1AC202B7-5C33-4986-A684-0B807BB3F2DD}.Debug|x64.ActiveCfg = Debug|x64
		{1AC202B7-5C33-4986-A684-0B807BB3F2DD}.Debug|x64.Build.0 = Debug|x64
		{1AC202B7-5C33-4986-A684-0B807BB3F2DD}.Debug|x86.ActiveCfg = Debug|Win32
		{1AC202B7-5C33-4986-A684-0B807BB3F2DD}.Debug|x86.Build.0 = Debug|Win32
		{1AC202B7-5C33-4986-A684-0B807BB3F2DD}.Release|x64.ActiveCfg = Release|x64
		{1AC202B7-5C33-4986-A684-0B807BB3F2DD}.Release|x64.Build.0 = Release|x64
		{1AC202B7-5C33-4986-A684-0B807BB3F2DD}.Release|x86.ActiveCfg = Release|Win32
		{1AC202B7-5C33-4986-A684-0B807BB3F2DD}.Release|x86.Build.0 = Release|Win32
		{B5B0BDA8-5589-400C-88E5-1F8FCDA9A4AD}.Debug|x64.ActiveCfg = Debug|x64
		{B5B0BDA8-5589-400C-88E5-1F8FCDA9A4AD}.Debug|x64.Build.0 = Debug|x64
		{B5B0BDA8-5589-400C-88E5-1F8FCDA9A4AD}.Debug|x86.ActiveCfg = Debug|Win32
		{B5B0BDA8-5589-400C-88E5-1F8FCDA9A4AD}.Debug|x86.Build.0 = Debug|Win32
		{B5B0BDA8-5589-400C-88E5-1F8FCDA9A4AD}.Release|x64.ActiveCfg = Release|x64
		{B5B0BDA8-5589-400C-88E5-1F8FCDA9A4AD}.Release|x64.Build.0 = Release|x64
		{B5B0BDA8-5589-400C-88E5-1F8FCDA9A4AD}.Release|x86.ActiveCfg = Release|Win32
		{B5B0BDA8-5589-400C-88E5-1F8FCDA9A4AD}.Release|x86.Build.0 = Release|Win32
		{03469063-FBF0-4651-AFEB-D734A0DC6B93}.Debug|x64.ActiveCfg = Debug|x64
		{03469063-FBF0-4651-AFEB-D734A0DC6B93}.Debug|x64.Build.0 = Debug|x64
		{03469063-FBF0-4651-AFEB-D734A0DC6B93}.Debug|x86.ActiveCfg = Debug|Win32
		{03469063-FBF0-4651-AFEB-D734A0DC6B93}.Debug|x86.Build.0 = Debug|Win32
		{03469063-FBF0-4651-AFEB-D734A0DC6B93}.Release|x64.ActiveCfg = Release|x64
		{03469063-FBF0-4651-AFEB-D734A0DC6B93}.Release|x64.Build.0 = Release|x64
		{03469063-FBF0-4651-AFEB-D734A0DC6B93}.Release|x86.ActiveCfg = Release|Win32
		{03469063-FBF0-4651-AFEB-D734A0DC6B93}.Release|x86.Build.0 = Release|Win32
		{8BA90934-7846-4F0D-A06A-626DADE756F1}.Debug|x64.ActiveCfg = Debug|x64
		{8BA90934-7846-4F0D-A06A-626DADE756F1}.Debug|x64.Build.0 = Debug|x64
		{8BA90934-7846-4F0D-A06A-626DADE756F1}.Debug|x86.ActiveCfg = Debug|Win32
		{8BA90934-7846-4F0D-A06A-626DADE756F1}.Debug|x86.Build.0 = Debug|Win32
		{8BA90934-7846-4F0D-A06A-626DADE756F1}.Release|x64.ActiveCfg = Release|x64
		{8BA90934-7846-4F0D-A06A-626DADE756F1}.Release|x64.Build.0 = Release|x64
		{8BA90934-7846-4F0D-A06A-626DADE756F1}.Release|x86.ActiveCfg = Release|Win32
		{8BA90934-7846-4F0D-A06A-626DADE756F1}.Release|x86.Build.0 = Release|Win32
		{E44D48D3-FB4B-49E7-8DB7-892BECABD586}.Debug|x64.ActiveCfg = Debug|x64
		{E44D48D3-FB4B-49E7-8DB7-892BECABD586}.Debug|x64.Build.0 = Debug|x64
		{E44D48D3-FB4B-49E7-8DB7-892BECABD586}.Debug|x86.ActiveCfg = Debug|Win32
		{E44D48D3-FB4B-49E7-8DB7-892BECABD586}.Debug|x86.Build.0 = Debug|Win32
		{E44D48D3-FB4B-49E7-8DB7-892BECABD586}.Release|x64.ActiveCfg = Release|x64
		{E44D48D3-FB4B-49E7-8DB7-892BECABD586}.Release|x64.Build.0 = Release|x64
		{E44D48D3-FB4B-49E7-8DB7-892BECABD586}.Release|x86.ActiveCfg = Release|Win32
		{E44D48D3-FB4B-49E7-8DB7-892BECABD586}.Release|x86.Build.0 = Release|Win32
		{35343D04-D9DE-4BC3-8EBE-79CA021A7F89}.Debug|x64.ActiveCfg = Debug|x64
		{35343D04-D9DE-4BC3-8EBE-79CA021A7F89}.Debug|x64.Build.0 = Debug|x64
		{35343D04-D9DE-4BC3-8EBE-79CA021A7F89}.Debug|x86.ActiveCfg = Debug|Win32
		{35343D04-D9DE-4BC3-8EBE-79CA021A7F89}.Debug|x86.Build.0 = Debug|Win32
		{35343D04-D9DE-4BC3-8EBE-79CA021A7F89}.Release|x64.ActiveCfg = Release|x64
		{35343D04-D9DE-4BC3-8EBE-79CA021A7F89}.Release|x64.Build.0 = Release|x64
		{35343D04-D9DE-4BC3-8EBE-79CA021A7F89}.Release|x86.ActiveCfg = Release|Win32
		{35343D04-D9DE-4BC3-8EBE-79CA021A7F89}.Release|x86.Build.0 = Release|Win32
		{07C47226-9D94-4A7D-8168-DE80BB0E20C3}.Debug|x64.ActiveCfg = Debug|x64
		{07C47226-9D94-4A7D-8168-DE80BB0E20C3}.Debug|x64.Build.0 = Debug|x64
		{07C47226-9D94-4A7D-8168-DE80BB0E20C3}.Debug|x86.ActiveCfg = Debug|Win32
		{07C47226-9D94-4A7D-8168-DE80BB0E20C3}.Debug|x86.Build.0 = Debug|Win32
		{07C47226-9D94-4A7D-8168-DE80BB0E20C3}.Release|x64.ActiveCfg = Release|x64
		{07C47226-9D94-4A7D-8168-DE80BB0E20C3}.Release|x64.Build.0 = Release|x64
		{07C47226-9D94-4A7D-8168-DE80BB0E20C3}.Release|x86.ActiveCfg = Release|Win32
		{07C47226-9D94-4A7D-8168-DE80BB0E20C3}.Release|x86.Build.0 = Release|Win32
		{AB854A56-703F-40FB-87A4-E11D2EAD517E}.Debug|x64.ActiveCfg = Debug|x64
		{AB854A56-703F-40FB-87A4-E11D2EAD517E}.Debug|x64.Build.0 = Debug|x64
		{AB854A56-703F-40FB-87A4-E11D2EAD517E}.Debug|x86.ActiveCfg = Debug|Win32
		{AB854A56-703F-40FB-87A4-E11D2EAD517E}.Debug|x86.Build.0 = Debug|Win32
		{AB854A56-703F-40FB-87A4-E11D2EAD517E}.Release|x64.ActiveCfg = Release|x64
		{AB854A56-703F-40FB-87A4-E11D2EAD517E}.Release|x64.Build.0 = Release|x64
		{AB854A56-703F-40FB-87A4-E11D2EAD517E}.Release|x86.ActiveCfg = Release|Win32
		{AB854A56-703F-40FB-87A4-E11D2EAD517E}.Release|x86.Build.0 = Release|Win32
		{1F98CB4D-7106-43B2-A4EB-6E5DC31548EA}.Debug|x64.ActiveCfg = Debug|x64
		{1F98CB4D-7106-43B2-A4EB-6E5DC31548EA}.Debug|x64.Build.0 = Debug|x64
		{1F98CB4D-7106-43B2-A4EB-6E5DC31548EA}.Debug|x86.ActiveCfg = Debug|Win32
		{1F98CB4D-7106-43B2-A4EB-6E5DC31548EA}.Debug|x86.Build.0 = Debug|Win32
		{1F98CB4D-7106-43B2-A4EB-6E5DC31548EA}.Release|x64.ActiveCfg = Release|x64
		{1F98CB4D-7106-43B2-A4EB-6E5DC31548EA}.Release|x64.Build.0 = Release|x64
		{1F98CB4D-7106-43B2-A4EB-6E5DC31548EA}.Release|x86.ActiveCfg = Release|Win32
		{1F98CB4D-7106-43B2-A4EB-6E5DC31548EA}.Release|x86.Build.0 = Release|Win32
		{77828558-70BB-475F-B280-CAA8BD1D89E7}.Debug|x64.ActiveCfg = Debug|x64
		{77828558-70BB-475F-B280-CAA8BD1D89E7}.Debug|x64.Build.0 = Debug|x64
		{77828558-70BB-475F-B280-CAA8BD1D89E7}.Debug|x86.ActiveCfg = Debug|Win32
		{77828558-70BB-475F-B280-CAA8BD1D89E7}.Debug|x86.Build.0 = Debug|Win32
		{77828558-70BB-475F-B280-CAA8BD1D89E7}.Release|x64.ActiveCfg = Release|x64
		{77828558-70BB-475F-B280-CAA8BD1D89E7}.Release|x64.Build.0 = Release|x64
		{77828558-70BB-475F-B280-CAA8BD1D89E7}.Release|x86.ActiveCfg = Release|Win32
		{77828558-70BB-475F-B280-CAA8BD1D89E7}.Release|x86.Build.0 = Release|Win32
		{B8B19F3E-3D63-4D1D-AAED-B0E847C4255F}.Debug|x64.ActiveCfg = Debug|x64
		{B8B19F3E-3D63-4D1D-AAED-B0E847C4255F}.Debug|x64.Build.0 = Debug|x64
		{B8B19F3E-3D63-4D1D-AAED-B0E847C4255F}.Debug|x86.ActiveCfg = Debug|Win32
		{B8B19F3E-3D63-4D1D-AAED-B0E847C4255F}.Debug|x86.Build.0 = Debug|Win32
		{B8B19F3E-3D63-4D1D-AAED-B0E847C4255F}.Release|x64.ActiveCfg = Release|x64
		{B8B19F3E-3D63-4D1D-AAED-B0E847C4255F}.Release|x64.Build.0 = Release|x64
		{B8B19F3E-3D63-4D1D-AAED-B0E847C4255F}.Release|x86.ActiveCfg = Release|Win32
		{B8B19F3E-3D63-4D1D-AAED-B0E847C4255F}.Release|x86.Build.0 = Release|Win32
		{8FAAE876-B694-4143-B41F-16A5815046FA}.Debug|x64.ActiveCfg = Debug|x64
		{8FAAE876-B694-4143-B41F-16A5815046FA}.Debug|x64.Build.0 = Debug|x64
		{8FAAE876-B694-4143-B41F-16A5815046FA}.Debug|x86.ActiveCfg = Debug|Win32
		{8FAAE876-B694-4143-B41F-16A5815046FA}.Debug|x86.Build.0 = Debug|Win32
		{8FAAE876-B694-4143-B41F-16A5815046FA}.Release|x64.ActiveCfg = Release|x64
		{8FAAE876-B694-4143-B41F-16A5815046FA}.Release|x64.Build.0 = Release|x64
		{8FAAE876-B694-4143-B41F-16A5815046FA}.Release|x86.ActiveCfg = Release|Win32
		{8FAAE876-B694-4143-B41F-16A5815046FA}.Release|x86.Build.0 = Release|Win32
		{4B8275DB-1BD5-44B2-B1A2-720DDD491B4A}.Debug|x64.ActiveCfg = Debug|x64
		{4B8275DB-1BD5-44B2-B1A2-720DDD491B4A}.Debug|x64.Build.0 = Debug|x64
		{4B8275DB-1BD5-44B2-B1A2-720DDD491B4A}.Debug|x86.ActiveCfg = Debug|Win32
		{4B8275DB-1BD5-44B2-B1A2-720DDD491B4A}.Debug|x86.Build.0 = Debug|Win32
		{4B8275DB-1BD5-44B2-B1A2-720DDD491B4A}.Release|x64.ActiveCfg = Release|x64
		{4B8275DB-1BD5-44B2-B1A2-720DDD491B4A}.Release|x64.Build.0 = Release|x64
		{4B8275DB-1BD5-44B2-B1A2-720DDD491B4A}.Release|x86.ActiveCfg = Release|Win32
		{4B8275DB-1BD5-44B2-B1A2-720DDD491B4A}.Release|x86.Build.0 = Release|Win32
	EndGlobalSection
	GlobalSection(SolutionProperties) = preSolution
		HideSolutionNode = FALSE
	EndGlobalSection
	GlobalSection(NestedProjects) = preSolution
		{ECFDF6CA-8438-43E1-B7B2-F3B480C0CD16} = {02EA681E-C7D8-13C7-8484-4AC65E1B71E8}
		{CF70B989-6293-4B74-9EA6-C0203BB2AEC3} = {02EA681E-C7D8-13C7-8484-4AC65E1B71E8}
		{7A9A68CA-B2F3-4BD9-BDEB-5824E55BE4DF} = {C907540F-5267-4620-8744-B8E1C934B20E}
		{1119FD2B-0DF5-4DF4-B850-761138757D54} = {72455D95-25FB-4866-AC21-097D51954BA1}
		{6103FBE2-F9CE-45AA-A9E1-E4872F4BAFED} = {BEB49681-9AF7-412D-827E-6FAD9BDC4609}
		{9192B954-DC24-49D6-A2D1-E2E6BE1A6747} = {7A64E066-AF62-41A8-AE41-29C9E55CDC8E}
		{F03F590D-1409-4132-A0F9-E93A05648C2B} = {4D5FE96A-00CA-4069-A5E0-E463F406345F}
		{F9F6614C-D817-49FE-8968-775F71484479} = {901109A4-4DBF-4C51-880B-247C4F1AF08A}
		{76294540-0ABA-4827-A976-4853CF0AF928} = {10EF9E44-BE92-4720-86FC-4E318A95EEA9}
		{603F6FBC-78F2-4199-B93C-FF61F3165178} = {5D4A2216-FE1A-4D53-8834-AEDEC47998E4}
		{1E462AC3-17D0-41B2-9F16-7871321F6A8D} = {6110A104-90D8-4CD0-BEC3-4997FBCCC0AB}
		{E1F5009D-0994-483F-9E7E-3BCFF1EF12C4} = {53DC9FC8-7F21-48F4-97E0-5F8A8331FE08}
		{1788F454-E3AF-4FB4-BE6C-25AAAD0C9D11} = {53DC9FC8-7F21-48F4-97E0-5F8A8331FE08}
		{204D9EB5-C287-466D-AE13-51DB4AB50E84} = {522F4485-F148-433E-95F2-CC4557074076}
		{B8F41B53-BF2D-4727-8B4D-29F4AD6CF42B} = {194033C7-629D-4E1B-91D0-EE9DFCB57D37}
		{C2CDFFCC-BE8C-4DF0-ACEE-8AB1B9DA1594} = {02F29A44-9A9F-4E90-8493-09E866A4EC8F}
		{208FB306-6C77-48DE-B50C-84AB108395D3} = {E6DB0B2D-FE1E-4895-8934-17CD9E13BEE7}
		{86FEED6E-9567-45B9-95D7-74D0DC3209DF} = {AF75AF61-083D-4B27-B6F3-A7603E933FAD}
		{410D7680-00AC-4A36-B1E3-3B91DA6B46FA} = {610C2FC8-5F26-4BE1-B0A6-E8AEF082CCD1}
		{1AC202B7-5C33-4986-A684-0B807BB3F2DD} = {CC018767-C5DF-475F-BDFD-548D2624428A}
		{B5B0BDA8-5589-400C-88E5-1F8FCDA9A4AD} = {B5E24316-4D95-4CB4-8186-29398CACF199}
		{03469063-FBF0-4651-AFEB-D734A0DC6B93} = {8D1D0B1E-162D-4886-9DB9-1DC1799AF404}
		{8BA90934-7846-4F0D-A06A-626DADE756F1} = {5084C788-F17E-475F-98E1-7B938F3CE1C5}
		{E44D48D3-FB4B-49E7-8DB7-892BECABD586} = {0A570F70-082E-469D-BD0E-805CA2E90747}
		{35343D04-D9DE-4BC3-8EBE-79CA021A7F89} = {82C8F1D5-D37A-4A97-83FB-DF9EA8C021C2}
		{07C47226-9D94-4A7D-8168-DE80BB0E20C3} = {80524B08-BCB4-4D98-A035-B3B40247D764}
		{AB854A56-703F-40FB-87A4-E11D2EAD517E} = {28C76A63-0757-42E7-9FB1-A58CF001DAAC}
		{1F98CB4D-7106-43B2-A4EB-6E5DC31548EA} = {E146B586-60A6-4826-8926-3A1FD7C4DD87}
		{77828558-70BB-475F-B280-CAA8BD1D89E7} = {ABFC2002-D8C0-4AC1-B25D-51AFDE090A37}
		{B8B19F3E-3D63-4D1D-AAED-B0E847C4255F} = {38B53BC6-3FEB-4A59-B015-CD7CC9AE0F39}
		{8FAAE876-B694-4143-B41F-16A5815046FA} = {C97E25B3-31C6-49D4-92DD-6FF946F263A8}
		{4B8275DB-1BD5-44B2-B1A2-720DDD491B4A} = {43DFF027-CDDC-4FB6-A4F1-F5D2BCA73B54}
	EndGlobalSection
	GlobalSection(ExtensibilityGlobals) = postSolution
		SolutionGuid = {F8AFD681-A1A7-479C-8AFA-972A3E1998BB}
	EndGlobalSection
EndGlobal
