
Microsoft Visual Studio Solution File, Format Version 12.00
# Visual Studio Version 17
VisualStudioVersion = 17.14.36221.1
MinimumVisualStudioVersion = 10.0.40219.1
Project("{8BC9CEB8-8B4A-11D0-8D11-00A0C91BC942}") = "Proplem Solving Level 5", "Proplem Solving Level 5\Proplem Solving Level 5.vcxproj", "{942DA94F-92F1-4E45-BF81-894BA43A5DCB}"
EndProject
Project("{2150E333-8FDC-42A3-9474-1A3956D46DE8}") = "1_Problem", "1_Problem", "{02EA681E-C7D8-13C7-8484-4AC65E1B71E8}"
EndProject
Project("{8BC9CEB8-8B4A-11D0-8D11-00A0C91BC942}") = "problem 1", "problem 1\problem 1.vcxproj", "{8B83E197-74A7-45B9-8797-D0E6E4C3E0DA}"
EndProject
Project("{8BC9CEB8-8B4A-11D0-8D11-00A0C91BC942}") = "Problem 2", "Problem 2\Problem 2.vcxproj", "{FFB08D65-15B8-4BE7-AF2F-93977718781D}"
EndProject
Project("{2150E333-8FDC-42A3-9474-1A3956D46DE8}") = "2_Problem", "2_Problem", "{61F91D6C-E6C0-4B36-8D49-000AEBA5241C}"
EndProject
Project("{8BC9CEB8-8B4A-11D0-8D11-00A0C91BC942}") = "Problem 3", "Problem 3\Problem 3.vcxproj", "{3F6B5061-D802-4170-93A9-DF76A225F0FE}"
EndProject
Project("{2150E333-8FDC-42A3-9474-1A3956D46DE8}") = "Problem _3", "Problem _3", "{74EAD602-256E-4B12-8E15-913960757284}"
EndProject
Project("{8BC9CEB8-8B4A-11D0-8D11-00A0C91BC942}") = "Problem 4", "Problem 4\Problem 4.vcxproj", "{43C76F46-9E2D-40E2-8B59-2E4037E6DE2B}"
EndProject
Project("{2150E333-8FDC-42A3-9474-1A3956D46DE8}") = "Problem _4", "Problem _4", "{854C2250-3DD3-4C95-8F8B-20C12DFAFE62}"
EndProject
Project("{8BC9CEB8-8B4A-11D0-8D11-00A0C91BC942}") = "Problem 5(method 1)", "Problem 5\Problem 5.vcxproj", "{D6FB176D-31B1-4CEC-8A34-5263AEE5E079}"
EndProject
Project("{2150E333-8FDC-42A3-9474-1A3956D46DE8}") = "Problem _5", "Problem _5", "{A5297F96-2EA0-4E54-8B1E-3B813EED0F21}"
EndProject
Project("{8BC9CEB8-8B4A-11D0-8D11-00A0C91BC942}") = "Problem 5 (method2)", "Problem 5 (method2)\Problem 5 (method2).vcxproj", "{362206BA-49A6-4B75-83A0-14DAC3F39429}"
EndProject
Project("{8BC9CEB8-8B4A-11D0-8D11-00A0C91BC942}") = "Problem 6", "Problem 6\Problem 6.vcxproj", "{D835F603-305A-431E-A1FC-C43705F3E7F1}"
EndProject
Project("{2150E333-8FDC-42A3-9474-1A3956D46DE8}") = "Problem _6", "Problem _6", "{FC8E0A71-BC1B-4C1E-8D71-BF12D58E3E76}"
EndProject
Project("{8BC9CEB8-8B4A-11D0-8D11-00A0C91BC942}") = "Problem 7(method 1)", "Problem 7\Problem 7.vcxproj", "{D5DEB083-4439-4C7A-967D-F0E8317419DB}"
EndProject
Project("{2150E333-8FDC-42A3-9474-1A3956D46DE8}") = "Problem _7", "Problem _7", "{AA14B087-CA1F-4CF1-9D89-EC4D4F60F608}"
EndProject
Project("{8BC9CEB8-8B4A-11D0-8D11-00A0C91BC942}") = "Problem 7(method 2)", "Problem 7(method 2)\Problem 7(method 2).vcxproj", "{9B4CF0E9-FBBF-4685-9C37-588870389EF5}"
EndProject
Project("{8BC9CEB8-8B4A-11D0-8D11-00A0C91BC942}") = "Problem 8", "Problem 8\Problem 8.vcxproj", "{EDA05E56-E628-4519-8234-90A3FB3C5F51}"
EndProject
Project("{2150E333-8FDC-42A3-9474-1A3956D46DE8}") = "Problem _8", "Problem _8", "{585ADB75-A8DA-4230-8B8A-74FF3222E72E}"
EndProject
Project("{8BC9CEB8-8B4A-11D0-8D11-00A0C91BC942}") = "Problem 9(method 1)", "Problem 9\Problem 9.vcxproj", "{FCD1CD21-7E20-4726-A32B-CE001E5A170D}"
EndProject
Project("{2150E333-8FDC-42A3-9474-1A3956D46DE8}") = "Problem _9", "Problem _9", "{B9BFA713-71D3-47BF-94EA-41C3ADD3D49C}"
EndProject
Project("{8BC9CEB8-8B4A-11D0-8D11-00A0C91BC942}") = "Problem 9(method 2)", "Problem 9(method 2)\Problem 9(method 2).vcxproj", "{12F9036A-2690-4D34-919A-9C1C235F40A8}"
EndProject
Project("{8BC9CEB8-8B4A-11D0-8D11-00A0C91BC942}") = "Problem 10 (method 1)", "Problem 10\Problem 10.vcxproj", "{69EC521B-5FD7-4F88-8F0D-B3B83370AAE6}"
EndProject
Project("{2150E333-8FDC-42A3-9474-1A3956D46DE8}") = "10_Problem", "10_Problem", "{D12BDB66-11E9-48F2-8BF4-896A789C8C32}"
EndProject
Project("{8BC9CEB8-8B4A-11D0-8D11-00A0C91BC942}") = "Problem 10 (method 2)", "Problem 10 (method 2)\Problem 10 (method 2).vcxproj", "{346E8AD0-26A6-473E-A5C7-B8FE7CF5E8D4}"
EndProject
Project("{8BC9CEB8-8B4A-11D0-8D11-00A0C91BC942}") = "11Prpblem", "11Prpblem\11Prpblem.vcxproj", "{E928F736-1F9A-4724-B919-90D70ACE4D2D}"
EndProject
Project("{2150E333-8FDC-42A3-9474-1A3956D46DE8}") = "11_Prpblem", "11_Prpblem", "{CF16FDB7-4848-4038-818C-D8BA87694721}"
EndProject
Project("{8BC9CEB8-8B4A-11D0-8D11-00A0C91BC942}") = "12Prpblem", "12Prpblem\12Prpblem.vcxproj", "{08DA20E5-B973-406D-8B82-76DF318DB243}"
EndProject
Project("{2150E333-8FDC-42A3-9474-1A3956D46DE8}") = "12_Prpblem", "12_Prpblem", "{7B9845F4-23F2-4FBA-AAD5-D9CF52B9BCEE}"
EndProject
Project("{8BC9CEB8-8B4A-11D0-8D11-00A0C91BC942}") = "13Problem", "Problem 13\Problem 13.vcxproj", "{A7AD082C-8ADA-48F4-81E2-C5FFA6DABA67}"
EndProject
Project("{2150E333-8FDC-42A3-9474-1A3956D46DE8}") = "13_Problem", "13_Problem", "{3D80921B-67D7-4BBD-878C-FABBA66831A0}"
EndProject
Project("{8BC9CEB8-8B4A-11D0-8D11-00A0C91BC942}") = "14Problem", "14Problem\14Problem.vcxproj", "{72DF0462-0939-4DFF-9744-3CA7AC015485}"
EndProject
Project("{2150E333-8FDC-42A3-9474-1A3956D46DE8}") = "14_Problem", "14_Problem", "{AE141934-705C-41C8-85E8-1F7003CFBBB9}"
EndProject
Project("{8BC9CEB8-8B4A-11D0-8D11-00A0C91BC942}") = "15Problem", "15Problem\15Problem.vcxproj", "{71FA6D62-3A33-4A93-8946-D76EF7F61889}"
EndProject
Project("{2150E333-8FDC-42A3-9474-1A3956D46DE8}") = "15_Problem", "15_Problem", "{352E0F28-4F47-436C-8FD4-DD3D1776A492}"
EndProject
Project("{8BC9CEB8-8B4A-11D0-8D11-00A0C91BC942}") = "16Problem(method 1)", "16Problem\16Problem.vcxproj", "{97B7AE6A-FE2F-4FCB-BAC0-5B10E862FBD2}"
EndProject
Project("{2150E333-8FDC-42A3-9474-1A3956D46DE8}") = "16_Problem", "16_Problem", "{06E9C0A5-59DC-4531-9C43-15EC54612481}"
EndProject
Project("{2150E333-8FDC-42A3-9474-1A3956D46DE8}") = "17_Problem", "17_Problem", "{3BF54871-43D4-46DC-BA37-8B2893F853CA}"
EndProject
Project("{8BC9CEB8-8B4A-11D0-8D11-00A0C91BC942}") = "17Problem", "18Problem\18Problem.vcxproj", "{9A4D86DE-894F-4CFD-AF01-368746C952B3}"
EndProject
Project("{2150E333-8FDC-42A3-9474-1A3956D46DE8}") = "18_Problem", "18_Problem", "{7910791D-3643-4ECE-833B-86BDC0A618F9}"
EndProject
Project("{8BC9CEB8-8B4A-11D0-8D11-00A0C91BC942}") = "19Problem", "19Problem\19Problem.vcxproj", "{B0B18D64-0F2C-4CD8-A008-B0F2465C3F18}"
EndProject
Project("{2150E333-8FDC-42A3-9474-1A3956D46DE8}") = "19_Problem", "19_Problem", "{6654F44C-8BA4-45EB-9BE8-05A17ADD13FA}"
EndProject
Project("{8BC9CEB8-8B4A-11D0-8D11-00A0C91BC942}") = "20Problem", "20Problem\20Problem.vcxproj", "{ADE72785-2D62-4DF5-AA32-6C4EA49B5B89}"
EndProject
Project("{2150E333-8FDC-42A3-9474-1A3956D46DE8}") = "20_Problem", "20_Problem", "{255EF5D8-474A-4EB4-9950-D9234C789F8C}"
EndProject
Project("{8BC9CEB8-8B4A-11D0-8D11-00A0C91BC942}") = "16Problem(method 2)", "16Problem(method 2)\16Problem(method 2).vcxproj", "{B9581A15-96A1-4E78-AD4C-1AF48C9F49D7}"
EndProject
Project("{8BC9CEB8-8B4A-11D0-8D11-00A0C91BC942}") = "18Problemm", "18Problemm\18Problemm.vcxproj", "{FF82559B-02E0-4AB5-A255-DD4EF3621AF1}"
EndProject
Global
	GlobalSection(SolutionConfigurationPlatforms) = preSolution
		Debug|x64 = Debug|x64
		Debug|x86 = Debug|x86
		Release|x64 = Release|x64
		Release|x86 = Release|x86
	EndGlobalSection
	GlobalSection(ProjectConfigurationPlatforms) = postSolution
		{942DA94F-92F1-4E45-BF81-894BA43A5DCB}.Debug|x64.ActiveCfg = Debug|x64
		{942DA94F-92F1-4E45-BF81-894BA43A5DCB}.Debug|x64.Build.0 = Debug|x64
		{942DA94F-92F1-4E45-BF81-894BA43A5DCB}.Debug|x86.ActiveCfg = Debug|Win32
		{942DA94F-92F1-4E45-BF81-894BA43A5DCB}.Debug|x86.Build.0 = Debug|Win32
		{942DA94F-92F1-4E45-BF81-894BA43A5DCB}.Release|x64.ActiveCfg = Release|x64
		{942DA94F-92F1-4E45-BF81-894BA43A5DCB}.Release|x64.Build.0 = Release|x64
		{942DA94F-92F1-4E45-BF81-894BA43A5DCB}.Release|x86.ActiveCfg = Release|Win32
		{942DA94F-92F1-4E45-BF81-894BA43A5DCB}.Release|x86.Build.0 = Release|Win32
		{8B83E197-74A7-45B9-8797-D0E6E4C3E0DA}.Debug|x64.ActiveCfg = Debug|x64
		{8B83E197-74A7-45B9-8797-D0E6E4C3E0DA}.Debug|x64.Build.0 = Debug|x64
		{8B83E197-74A7-45B9-8797-D0E6E4C3E0DA}.Debug|x86.ActiveCfg = Debug|Win32
		{8B83E197-74A7-45B9-8797-D0E6E4C3E0DA}.Debug|x86.Build.0 = Debug|Win32
		{8B83E197-74A7-45B9-8797-D0E6E4C3E0DA}.Release|x64.ActiveCfg = Release|x64
		{8B83E197-74A7-45B9-8797-D0E6E4C3E0DA}.Release|x64.Build.0 = Release|x64
		{8B83E197-74A7-45B9-8797-D0E6E4C3E0DA}.Release|x86.ActiveCfg = Release|Win32
		{8B83E197-74A7-45B9-8797-D0E6E4C3E0DA}.Release|x86.Build.0 = Release|Win32
		{FFB08D65-15B8-4BE7-AF2F-93977718781D}.Debug|x64.ActiveCfg = Debug|x64
		{FFB08D65-15B8-4BE7-AF2F-93977718781D}.Debug|x64.Build.0 = Debug|x64
		{FFB08D65-15B8-4BE7-AF2F-93977718781D}.Debug|x86.ActiveCfg = Debug|Win32
		{FFB08D65-15B8-4BE7-AF2F-93977718781D}.Debug|x86.Build.0 = Debug|Win32
		{FFB08D65-15B8-4BE7-AF2F-93977718781D}.Release|x64.ActiveCfg = Release|x64
		{FFB08D65-15B8-4BE7-AF2F-93977718781D}.Release|x64.Build.0 = Release|x64
		{FFB08D65-15B8-4BE7-AF2F-93977718781D}.Release|x86.ActiveCfg = Release|Win32
		{FFB08D65-15B8-4BE7-AF2F-93977718781D}.Release|x86.Build.0 = Release|Win32
		{3F6B5061-D802-4170-93A9-DF76A225F0FE}.Debug|x64.ActiveCfg = Debug|x64
		{3F6B5061-D802-4170-93A9-DF76A225F0FE}.Debug|x64.Build.0 = Debug|x64
		{3F6B5061-D802-4170-93A9-DF76A225F0FE}.Debug|x86.ActiveCfg = Debug|Win32
		{3F6B5061-D802-4170-93A9-DF76A225F0FE}.Debug|x86.Build.0 = Debug|Win32
		{3F6B5061-D802-4170-93A9-DF76A225F0FE}.Release|x64.ActiveCfg = Release|x64
		{3F6B5061-D802-4170-93A9-DF76A225F0FE}.Release|x64.Build.0 = Release|x64
		{3F6B5061-D802-4170-93A9-DF76A225F0FE}.Release|x86.ActiveCfg = Release|Win32
		{3F6B5061-D802-4170-93A9-DF76A225F0FE}.Release|x86.Build.0 = Release|Win32
		{43C76F46-9E2D-40E2-8B59-2E4037E6DE2B}.Debug|x64.ActiveCfg = Debug|x64
		{43C76F46-9E2D-40E2-8B59-2E4037E6DE2B}.Debug|x64.Build.0 = Debug|x64
		{43C76F46-9E2D-40E2-8B59-2E4037E6DE2B}.Debug|x86.ActiveCfg = Debug|Win32
		{43C76F46-9E2D-40E2-8B59-2E4037E6DE2B}.Debug|x86.Build.0 = Debug|Win32
		{43C76F46-9E2D-40E2-8B59-2E4037E6DE2B}.Release|x64.ActiveCfg = Release|x64
		{43C76F46-9E2D-40E2-8B59-2E4037E6DE2B}.Release|x64.Build.0 = Release|x64
		{43C76F46-9E2D-40E2-8B59-2E4037E6DE2B}.Release|x86.ActiveCfg = Release|Win32
		{43C76F46-9E2D-40E2-8B59-2E4037E6DE2B}.Release|x86.Build.0 = Release|Win32
		{D6FB176D-31B1-4CEC-8A34-5263AEE5E079}.Debug|x64.ActiveCfg = Debug|x64
		{D6FB176D-31B1-4CEC-8A34-5263AEE5E079}.Debug|x64.Build.0 = Debug|x64
		{D6FB176D-31B1-4CEC-8A34-5263AEE5E079}.Debug|x86.ActiveCfg = Debug|Win32
		{D6FB176D-31B1-4CEC-8A34-5263AEE5E079}.Debug|x86.Build.0 = Debug|Win32
		{D6FB176D-31B1-4CEC-8A34-5263AEE5E079}.Release|x64.ActiveCfg = Release|x64
		{D6FB176D-31B1-4CEC-8A34-5263AEE5E079}.Release|x64.Build.0 = Release|x64
		{D6FB176D-31B1-4CEC-8A34-5263AEE5E079}.Release|x86.ActiveCfg = Release|Win32
		{D6FB176D-31B1-4CEC-8A34-5263AEE5E079}.Release|x86.Build.0 = Release|Win32
		{362206BA-49A6-4B75-83A0-14DAC3F39429}.Debug|x64.ActiveCfg = Debug|x64
		{362206BA-49A6-4B75-83A0-14DAC3F39429}.Debug|x64.Build.0 = Debug|x64
		{362206BA-49A6-4B75-83A0-14DAC3F39429}.Debug|x86.ActiveCfg = Debug|Win32
		{362206BA-49A6-4B75-83A0-14DAC3F39429}.Debug|x86.Build.0 = Debug|Win32
		{362206BA-49A6-4B75-83A0-14DAC3F39429}.Release|x64.ActiveCfg = Release|x64
		{362206BA-49A6-4B75-83A0-14DAC3F39429}.Release|x64.Build.0 = Release|x64
		{362206BA-49A6-4B75-83A0-14DAC3F39429}.Release|x86.ActiveCfg = Release|Win32
		{362206BA-49A6-4B75-83A0-14DAC3F39429}.Release|x86.Build.0 = Release|Win32
		{D835F603-305A-431E-A1FC-C43705F3E7F1}.Debug|x64.ActiveCfg = Debug|x64
		{D835F603-305A-431E-A1FC-C43705F3E7F1}.Debug|x64.Build.0 = Debug|x64
		{D835F603-305A-431E-A1FC-C43705F3E7F1}.Debug|x86.ActiveCfg = Debug|Win32
		{D835F603-305A-431E-A1FC-C43705F3E7F1}.Debug|x86.Build.0 = Debug|Win32
		{D835F603-305A-431E-A1FC-C43705F3E7F1}.Release|x64.ActiveCfg = Release|x64
		{D835F603-305A-431E-A1FC-C43705F3E7F1}.Release|x64.Build.0 = Release|x64
		{D835F603-305A-431E-A1FC-C43705F3E7F1}.Release|x86.ActiveCfg = Release|Win32
		{D835F603-305A-431E-A1FC-C43705F3E7F1}.Release|x86.Build.0 = Release|Win32
		{D5DEB083-4439-4C7A-967D-F0E8317419DB}.Debug|x64.ActiveCfg = Debug|x64
		{D5DEB083-4439-4C7A-967D-F0E8317419DB}.Debug|x64.Build.0 = Debug|x64
		{D5DEB083-4439-4C7A-967D-F0E8317419DB}.Debug|x86.ActiveCfg = Debug|Win32
		{D5DEB083-4439-4C7A-967D-F0E8317419DB}.Debug|x86.Build.0 = Debug|Win32
		{D5DEB083-4439-4C7A-967D-F0E8317419DB}.Release|x64.ActiveCfg = Release|x64
		{D5DEB083-4439-4C7A-967D-F0E8317419DB}.Release|x64.Build.0 = Release|x64
		{D5DEB083-4439-4C7A-967D-F0E8317419DB}.Release|x86.ActiveCfg = Release|Win32
		{D5DEB083-4439-4C7A-967D-F0E8317419DB}.Release|x86.Build.0 = Release|Win32
		{9B4CF0E9-FBBF-4685-9C37-588870389EF5}.Debug|x64.ActiveCfg = Debug|x64
		{9B4CF0E9-FBBF-4685-9C37-588870389EF5}.Debug|x64.Build.0 = Debug|x64
		{9B4CF0E9-FBBF-4685-9C37-588870389EF5}.Debug|x86.ActiveCfg = Debug|Win32
		{9B4CF0E9-FBBF-4685-9C37-588870389EF5}.Debug|x86.Build.0 = Debug|Win32
		{9B4CF0E9-FBBF-4685-9C37-588870389EF5}.Release|x64.ActiveCfg = Release|x64
		{9B4CF0E9-FBBF-4685-9C37-588870389EF5}.Release|x64.Build.0 = Release|x64
		{9B4CF0E9-FBBF-4685-9C37-588870389EF5}.Release|x86.ActiveCfg = Release|Win32
		{9B4CF0E9-FBBF-4685-9C37-588870389EF5}.Release|x86.Build.0 = Release|Win32
		{EDA05E56-E628-4519-8234-90A3FB3C5F51}.Debug|x64.ActiveCfg = Debug|x64
		{EDA05E56-E628-4519-8234-90A3FB3C5F51}.Debug|x64.Build.0 = Debug|x64
		{EDA05E56-E628-4519-8234-90A3FB3C5F51}.Debug|x86.ActiveCfg = Debug|Win32
		{EDA05E56-E628-4519-8234-90A3FB3C5F51}.Debug|x86.Build.0 = Debug|Win32
		{EDA05E56-E628-4519-8234-90A3FB3C5F51}.Release|x64.ActiveCfg = Release|x64
		{EDA05E56-E628-4519-8234-90A3FB3C5F51}.Release|x64.Build.0 = Release|x64
		{EDA05E56-E628-4519-8234-90A3FB3C5F51}.Release|x86.ActiveCfg = Release|Win32
		{EDA05E56-E628-4519-8234-90A3FB3C5F51}.Release|x86.Build.0 = Release|Win32
		{FCD1CD21-7E20-4726-A32B-CE001E5A170D}.Debug|x64.ActiveCfg = Debug|x64
		{FCD1CD21-7E20-4726-A32B-CE001E5A170D}.Debug|x64.Build.0 = Debug|x64
		{FCD1CD21-7E20-4726-A32B-CE001E5A170D}.Debug|x86.ActiveCfg = Debug|Win32
		{FCD1CD21-7E20-4726-A32B-CE001E5A170D}.Debug|x86.Build.0 = Debug|Win32
		{FCD1CD21-7E20-4726-A32B-CE001E5A170D}.Release|x64.ActiveCfg = Release|x64
		{FCD1CD21-7E20-4726-A32B-CE001E5A170D}.Release|x64.Build.0 = Release|x64
		{FCD1CD21-7E20-4726-A32B-CE001E5A170D}.Release|x86.ActiveCfg = Release|Win32
		{FCD1CD21-7E20-4726-A32B-CE001E5A170D}.Release|x86.Build.0 = Release|Win32
		{12F9036A-2690-4D34-919A-9C1C235F40A8}.Debug|x64.ActiveCfg = Debug|x64
		{12F9036A-2690-4D34-919A-9C1C235F40A8}.Debug|x64.Build.0 = Debug|x64
		{12F9036A-2690-4D34-919A-9C1C235F40A8}.Debug|x86.ActiveCfg = Debug|Win32
		{12F9036A-2690-4D34-919A-9C1C235F40A8}.Debug|x86.Build.0 = Debug|Win32
		{12F9036A-2690-4D34-919A-9C1C235F40A8}.Release|x64.ActiveCfg = Release|x64
		{12F9036A-2690-4D34-919A-9C1C235F40A8}.Release|x64.Build.0 = Release|x64
		{12F9036A-2690-4D34-919A-9C1C235F40A8}.Release|x86.ActiveCfg = Release|Win32
		{12F9036A-2690-4D34-919A-9C1C235F40A8}.Release|x86.Build.0 = Release|Win32
		{69EC521B-5FD7-4F88-8F0D-B3B83370AAE6}.Debug|x64.ActiveCfg = Debug|x64
		{69EC521B-5FD7-4F88-8F0D-B3B83370AAE6}.Debug|x64.Build.0 = Debug|x64
		{69EC521B-5FD7-4F88-8F0D-B3B83370AAE6}.Debug|x86.ActiveCfg = Debug|Win32
		{69EC521B-5FD7-4F88-8F0D-B3B83370AAE6}.Debug|x86.Build.0 = Debug|Win32
		{69EC521B-5FD7-4F88-8F0D-B3B83370AAE6}.Release|x64.ActiveCfg = Release|x64
		{69EC521B-5FD7-4F88-8F0D-B3B83370AAE6}.Release|x64.Build.0 = Release|x64
		{69EC521B-5FD7-4F88-8F0D-B3B83370AAE6}.Release|x86.ActiveCfg = Release|Win32
		{69EC521B-5FD7-4F88-8F0D-B3B83370AAE6}.Release|x86.Build.0 = Release|Win32
		{346E8AD0-26A6-473E-A5C7-B8FE7CF5E8D4}.Debug|x64.ActiveCfg = Debug|x64
		{346E8AD0-26A6-473E-A5C7-B8FE7CF5E8D4}.Debug|x64.Build.0 = Debug|x64
		{346E8AD0-26A6-473E-A5C7-B8FE7CF5E8D4}.Debug|x86.ActiveCfg = Debug|Win32
		{346E8AD0-26A6-473E-A5C7-B8FE7CF5E8D4}.Debug|x86.Build.0 = Debug|Win32
		{346E8AD0-26A6-473E-A5C7-B8FE7CF5E8D4}.Release|x64.ActiveCfg = Release|x64
		{346E8AD0-26A6-473E-A5C7-B8FE7CF5E8D4}.Release|x64.Build.0 = Release|x64
		{346E8AD0-26A6-473E-A5C7-B8FE7CF5E8D4}.Release|x86.ActiveCfg = Release|Win32
		{346E8AD0-26A6-473E-A5C7-B8FE7CF5E8D4}.Release|x86.Build.0 = Release|Win32
		{E928F736-1F9A-4724-B919-90D70ACE4D2D}.Debug|x64.ActiveCfg = Debug|x64
		{E928F736-1F9A-4724-B919-90D70ACE4D2D}.Debug|x64.Build.0 = Debug|x64
		{E928F736-1F9A-4724-B919-90D70ACE4D2D}.Debug|x86.ActiveCfg = Debug|Win32
		{E928F736-1F9A-4724-B919-90D70ACE4D2D}.Debug|x86.Build.0 = Debug|Win32
		{E928F736-1F9A-4724-B919-90D70ACE4D2D}.Release|x64.ActiveCfg = Release|x64
		{E928F736-1F9A-4724-B919-90D70ACE4D2D}.Release|x64.Build.0 = Release|x64
		{E928F736-1F9A-4724-B919-90D70ACE4D2D}.Release|x86.ActiveCfg = Release|Win32
		{E928F736-1F9A-4724-B919-90D70ACE4D2D}.Release|x86.Build.0 = Release|Win32
		{08DA20E5-B973-406D-8B82-76DF318DB243}.Debug|x64.ActiveCfg = Debug|x64
		{08DA20E5-B973-406D-8B82-76DF318DB243}.Debug|x64.Build.0 = Debug|x64
		{08DA20E5-B973-406D-8B82-76DF318DB243}.Debug|x86.ActiveCfg = Debug|Win32
		{08DA20E5-B973-406D-8B82-76DF318DB243}.Debug|x86.Build.0 = Debug|Win32
		{08DA20E5-B973-406D-8B82-76DF318DB243}.Release|x64.ActiveCfg = Release|x64
		{08DA20E5-B973-406D-8B82-76DF318DB243}.Release|x64.Build.0 = Release|x64
		{08DA20E5-B973-406D-8B82-76DF318DB243}.Release|x86.ActiveCfg = Release|Win32
		{08DA20E5-B973-406D-8B82-76DF318DB243}.Release|x86.Build.0 = Release|Win32
		{A7AD082C-8ADA-48F4-81E2-C5FFA6DABA67}.Debug|x64.ActiveCfg = Debug|x64
		{A7AD082C-8ADA-48F4-81E2-C5FFA6DABA67}.Debug|x64.Build.0 = Debug|x64
		{A7AD082C-8ADA-48F4-81E2-C5FFA6DABA67}.Debug|x86.ActiveCfg = Debug|Win32
		{A7AD082C-8ADA-48F4-81E2-C5FFA6DABA67}.Debug|x86.Build.0 = Debug|Win32
		{A7AD082C-8ADA-48F4-81E2-C5FFA6DABA67}.Release|x64.ActiveCfg = Release|x64
		{A7AD082C-8ADA-48F4-81E2-C5FFA6DABA67}.Release|x64.Build.0 = Release|x64
		{A7AD082C-8ADA-48F4-81E2-C5FFA6DABA67}.Release|x86.ActiveCfg = Release|Win32
		{A7AD082C-8ADA-48F4-81E2-C5FFA6DABA67}.Release|x86.Build.0 = Release|Win32
		{72DF0462-0939-4DFF-9744-3CA7AC015485}.Debug|x64.ActiveCfg = Debug|x64
		{72DF0462-0939-4DFF-9744-3CA7AC015485}.Debug|x64.Build.0 = Debug|x64
		{72DF0462-0939-4DFF-9744-3CA7AC015485}.Debug|x86.ActiveCfg = Debug|Win32
		{72DF0462-0939-4DFF-9744-3CA7AC015485}.Debug|x86.Build.0 = Debug|Win32
		{72DF0462-0939-4DFF-9744-3CA7AC015485}.Release|x64.ActiveCfg = Release|x64
		{72DF0462-0939-4DFF-9744-3CA7AC015485}.Release|x64.Build.0 = Release|x64
		{72DF0462-0939-4DFF-9744-3CA7AC015485}.Release|x86.ActiveCfg = Release|Win32
		{72DF0462-0939-4DFF-9744-3CA7AC015485}.Release|x86.Build.0 = Release|Win32
		{71FA6D62-3A33-4A93-8946-D76EF7F61889}.Debug|x64.ActiveCfg = Debug|x64
		{71FA6D62-3A33-4A93-8946-D76EF7F61889}.Debug|x64.Build.0 = Debug|x64
		{71FA6D62-3A33-4A93-8946-D76EF7F61889}.Debug|x86.ActiveCfg = Debug|Win32
		{71FA6D62-3A33-4A93-8946-D76EF7F61889}.Debug|x86.Build.0 = Debug|Win32
		{71FA6D62-3A33-4A93-8946-D76EF7F61889}.Release|x64.ActiveCfg = Release|x64
		{71FA6D62-3A33-4A93-8946-D76EF7F61889}.Release|x64.Build.0 = Release|x64
		{71FA6D62-3A33-4A93-8946-D76EF7F61889}.Release|x86.ActiveCfg = Release|Win32
		{71FA6D62-3A33-4A93-8946-D76EF7F61889}.Release|x86.Build.0 = Release|Win32
		{97B7AE6A-FE2F-4FCB-BAC0-5B10E862FBD2}.Debug|x64.ActiveCfg = Debug|x64
		{97B7AE6A-FE2F-4FCB-BAC0-5B10E862FBD2}.Debug|x64.Build.0 = Debug|x64
		{97B7AE6A-FE2F-4FCB-BAC0-5B10E862FBD2}.Debug|x86.ActiveCfg = Debug|Win32
		{97B7AE6A-FE2F-4FCB-BAC0-5B10E862FBD2}.Debug|x86.Build.0 = Debug|Win32
		{97B7AE6A-FE2F-4FCB-BAC0-5B10E862FBD2}.Release|x64.ActiveCfg = Release|x64
		{97B7AE6A-FE2F-4FCB-BAC0-5B10E862FBD2}.Release|x64.Build.0 = Release|x64
		{97B7AE6A-FE2F-4FCB-BAC0-5B10E862FBD2}.Release|x86.ActiveCfg = Release|Win32
		{97B7AE6A-FE2F-4FCB-BAC0-5B10E862FBD2}.Release|x86.Build.0 = Release|Win32
		{9A4D86DE-894F-4CFD-AF01-368746C952B3}.Debug|x64.ActiveCfg = Debug|x64
		{9A4D86DE-894F-4CFD-AF01-368746C952B3}.Debug|x64.Build.0 = Debug|x64
		{9A4D86DE-894F-4CFD-AF01-368746C952B3}.Debug|x86.ActiveCfg = Debug|Win32
		{9A4D86DE-894F-4CFD-AF01-368746C952B3}.Debug|x86.Build.0 = Debug|Win32
		{9A4D86DE-894F-4CFD-AF01-368746C952B3}.Release|x64.ActiveCfg = Release|x64
		{9A4D86DE-894F-4CFD-AF01-368746C952B3}.Release|x64.Build.0 = Release|x64
		{9A4D86DE-894F-4CFD-AF01-368746C952B3}.Release|x86.ActiveCfg = Release|Win32
		{9A4D86DE-894F-4CFD-AF01-368746C952B3}.Release|x86.Build.0 = Release|Win32
		{B0B18D64-0F2C-4CD8-A008-B0F2465C3F18}.Debug|x64.ActiveCfg = Debug|x64
		{B0B18D64-0F2C-4CD8-A008-B0F2465C3F18}.Debug|x64.Build.0 = Debug|x64
		{B0B18D64-0F2C-4CD8-A008-B0F2465C3F18}.Debug|x86.ActiveCfg = Debug|Win32
		{B0B18D64-0F2C-4CD8-A008-B0F2465C3F18}.Debug|x86.Build.0 = Debug|Win32
		{B0B18D64-0F2C-4CD8-A008-B0F2465C3F18}.Release|x64.ActiveCfg = Release|x64
		{B0B18D64-0F2C-4CD8-A008-B0F2465C3F18}.Release|x64.Build.0 = Release|x64
		{B0B18D64-0F2C-4CD8-A008-B0F2465C3F18}.Release|x86.ActiveCfg = Release|Win32
		{B0B18D64-0F2C-4CD8-A008-B0F2465C3F18}.Release|x86.Build.0 = Release|Win32
		{ADE72785-2D62-4DF5-AA32-6C4EA49B5B89}.Debug|x64.ActiveCfg = Debug|x64
		{ADE72785-2D62-4DF5-AA32-6C4EA49B5B89}.Debug|x64.Build.0 = Debug|x64
		{ADE72785-2D62-4DF5-AA32-6C4EA49B5B89}.Debug|x86.ActiveCfg = Debug|Win32
		{ADE72785-2D62-4DF5-AA32-6C4EA49B5B89}.Debug|x86.Build.0 = Debug|Win32
		{ADE72785-2D62-4DF5-AA32-6C4EA49B5B89}.Release|x64.ActiveCfg = Release|x64
		{ADE72785-2D62-4DF5-AA32-6C4EA49B5B89}.Release|x64.Build.0 = Release|x64
		{ADE72785-2D62-4DF5-AA32-6C4EA49B5B89}.Release|x86.ActiveCfg = Release|Win32
		{ADE72785-2D62-4DF5-AA32-6C4EA49B5B89}.Release|x86.Build.0 = Release|Win32
		{B9581A15-96A1-4E78-AD4C-1AF48C9F49D7}.Debug|x64.ActiveCfg = Debug|x64
		{B9581A15-96A1-4E78-AD4C-1AF48C9F49D7}.Debug|x64.Build.0 = Debug|x64
		{B9581A15-96A1-4E78-AD4C-1AF48C9F49D7}.Debug|x86.ActiveCfg = Debug|Win32
		{B9581A15-96A1-4E78-AD4C-1AF48C9F49D7}.Debug|x86.Build.0 = Debug|Win32
		{B9581A15-96A1-4E78-AD4C-1AF48C9F49D7}.Release|x64.ActiveCfg = Release|x64
		{B9581A15-96A1-4E78-AD4C-1AF48C9F49D7}.Release|x64.Build.0 = Release|x64
		{B9581A15-96A1-4E78-AD4C-1AF48C9F49D7}.Release|x86.ActiveCfg = Release|Win32
		{B9581A15-96A1-4E78-AD4C-1AF48C9F49D7}.Release|x86.Build.0 = Release|Win32
		{FF82559B-02E0-4AB5-A255-DD4EF3621AF1}.Debug|x64.ActiveCfg = Debug|x64
		{FF82559B-02E0-4AB5-A255-DD4EF3621AF1}.Debug|x64.Build.0 = Debug|x64
		{FF82559B-02E0-4AB5-A255-DD4EF3621AF1}.Debug|x86.ActiveCfg = Debug|Win32
		{FF82559B-02E0-4AB5-A255-DD4EF3621AF1}.Debug|x86.Build.0 = Debug|Win32
		{FF82559B-02E0-4AB5-A255-DD4EF3621AF1}.Release|x64.ActiveCfg = Release|x64
		{FF82559B-02E0-4AB5-A255-DD4EF3621AF1}.Release|x64.Build.0 = Release|x64
		{FF82559B-02E0-4AB5-A255-DD4EF3621AF1}.Release|x86.ActiveCfg = Release|Win32
		{FF82559B-02E0-4AB5-A255-DD4EF3621AF1}.Release|x86.Build.0 = Release|Win32
	EndGlobalSection
	GlobalSection(SolutionProperties) = preSolution
		HideSolutionNode = FALSE
	EndGlobalSection
	GlobalSection(NestedProjects) = preSolution
		{8B83E197-74A7-45B9-8797-D0E6E4C3E0DA} = {02EA681E-C7D8-13C7-8484-4AC65E1B71E8}
		{FFB08D65-15B8-4BE7-AF2F-93977718781D} = {61F91D6C-E6C0-4B36-8D49-000AEBA5241C}
		{3F6B5061-D802-4170-93A9-DF76A225F0FE} = {74EAD602-256E-4B12-8E15-913960757284}
		{43C76F46-9E2D-40E2-8B59-2E4037E6DE2B} = {854C2250-3DD3-4C95-8F8B-20C12DFAFE62}
		{D6FB176D-31B1-4CEC-8A34-5263AEE5E079} = {A5297F96-2EA0-4E54-8B1E-3B813EED0F21}
		{362206BA-49A6-4B75-83A0-14DAC3F39429} = {A5297F96-2EA0-4E54-8B1E-3B813EED0F21}
		{D835F603-305A-431E-A1FC-C43705F3E7F1} = {FC8E0A71-BC1B-4C1E-8D71-BF12D58E3E76}
		{D5DEB083-4439-4C7A-967D-F0E8317419DB} = {AA14B087-CA1F-4CF1-9D89-EC4D4F60F608}
		{9B4CF0E9-FBBF-4685-9C37-588870389EF5} = {AA14B087-CA1F-4CF1-9D89-EC4D4F60F608}
		{EDA05E56-E628-4519-8234-90A3FB3C5F51} = {585ADB75-A8DA-4230-8B8A-74FF3222E72E}
		{FCD1CD21-7E20-4726-A32B-CE001E5A170D} = {B9BFA713-71D3-47BF-94EA-41C3ADD3D49C}
		{12F9036A-2690-4D34-919A-9C1C235F40A8} = {B9BFA713-71D3-47BF-94EA-41C3ADD3D49C}
		{69EC521B-5FD7-4F88-8F0D-B3B83370AAE6} = {D12BDB66-11E9-48F2-8BF4-896A789C8C32}
		{346E8AD0-26A6-473E-A5C7-B8FE7CF5E8D4} = {D12BDB66-11E9-48F2-8BF4-896A789C8C32}
		{E928F736-1F9A-4724-B919-90D70ACE4D2D} = {CF16FDB7-4848-4038-818C-D8BA87694721}
		{08DA20E5-B973-406D-8B82-76DF318DB243} = {7B9845F4-23F2-4FBA-AAD5-D9CF52B9BCEE}
		{A7AD082C-8ADA-48F4-81E2-C5FFA6DABA67} = {3D80921B-67D7-4BBD-878C-FABBA66831A0}
		{72DF0462-0939-4DFF-9744-3CA7AC015485} = {AE141934-705C-41C8-85E8-1F7003CFBBB9}
		{71FA6D62-3A33-4A93-8946-D76EF7F61889} = {352E0F28-4F47-436C-8FD4-DD3D1776A492}
		{97B7AE6A-FE2F-4FCB-BAC0-5B10E862FBD2} = {06E9C0A5-59DC-4531-9C43-15EC54612481}
		{9A4D86DE-894F-4CFD-AF01-368746C952B3} = {3BF54871-43D4-46DC-BA37-8B2893F853CA}
		{B0B18D64-0F2C-4CD8-A008-B0F2465C3F18} = {6654F44C-8BA4-45EB-9BE8-05A17ADD13FA}
		{ADE72785-2D62-4DF5-AA32-6C4EA49B5B89} = {255EF5D8-474A-4EB4-9950-D9234C789F8C}
		{B9581A15-96A1-4E78-AD4C-1AF48C9F49D7} = {06E9C0A5-59DC-4531-9C43-15EC54612481}
		{FF82559B-02E0-4AB5-A255-DD4EF3621AF1} = {7910791D-3643-4ECE-833B-86BDC0A618F9}
	EndGlobalSection
	GlobalSection(ExtensibilityGlobals) = postSolution
		SolutionGuid = {96E4ED3F-4479-42D0-8AFC-50E593D9AF47}
	EndGlobalSection
EndGlobal
